<?xml version="1.0" encoding="utf-8"?>
<Project ToolsVersion="4.0" xmlns="http://schemas.microsoft.com/developer/msbuild/2003">
  <ItemGroup>
    <ClInclude Include="IShader.h">
      <Filter>Shaders</Filter>
    </ClInclude>
    <ClInclude Include="IShaderStorage.h">
      <Filter>Shaders</Filter>
    </ClInclude>
    <ClInclude Include="PixelShader.h">
      <Filter>Shaders</Filter>
    </ClInclude>
    <ClInclude Include="ShaderStorage.h">
      <Filter>Shaders</Filter>
    </ClInclude>
    <ClInclude Include="VertexShader.h">
      <Filter>Shaders</Filter>
    </ClInclude>
    <ClInclude Include="RenderTarget.h">
      <Filter>RenderTarget</Filter>
    </ClInclude>
    <ClInclude Include="RenderTargetStore.h">
      <Filter>RenderTarget</Filter>
    </ClInclude>
    <ClInclude Include="ViewportStore.h">
      <Filter>RenderTarget</Filter>
    </ClInclude>
    <ClInclude Include="Sprite.h">
      <Filter>Graphics</Filter>
    </ClInclude>
    <ClInclude Include="SpriteSizeStore.h">
      <Filter>Graphics</Filter>
    </ClInclude>
  </ItemGroup>
  <ItemGroup>
    <ClCompile Include="IShaderStorage.cpp">
      <Filter>Shaders</Filter>
    </ClCompile>
    <ClCompile Include="PixelShader.cpp">
      <Filter>Shaders</Filter>
    </ClCompile>
    <ClCompile Include="Shader.cpp">
      <Filter>Shaders</Filter>
    </ClCompile>
    <ClCompile Include="ShaderStorage.cpp">
      <Filter>Shaders</Filter>
    </ClCompile>
    <ClCompile Include="VertexShader.cpp">
      <Filter>Shaders</Filter>
    </ClCompile>
    <ClCompile Include="RenderTarget.cpp">
      <Filter>RenderTarget</Filter>
    </ClCompile>
    <ClCompile Include="RenderTargetStore.cpp">
      <Filter>RenderTarget</Filter>
    </ClCompile>
    <ClCompile Include="ViewportStore.cpp">
      <Filter>RenderTarget</Filter>
    </ClCompile>
    <ClCompile Include="Sprite.cpp">
      <Filter>Graphics</Filter>
    </ClCompile>
    <ClCompile Include="SpriteSizeStore.cpp">
      <Filter>Graphics</Filter>
    </ClCompile>
  </ItemGroup>
  <ItemGroup>
    <Filter Include="Shaders">
      <UniqueIdentifier>{e2aa40d1-8c31-4aa1-9325-2c4a9193e98f}</UniqueIdentifier>
    </Filter>
    <Filter Include="RenderTarget">
      <UniqueIdentifier>{540b9821-6078-493f-bbd4-4dbe626715a9}</UniqueIdentifier>
    </Filter>
    <Filter Include="Graphics">
      <UniqueIdentifier>{abd882fa-9bf6-487a-b9bc-779aebf2ab26}</UniqueIdentifier>
    </Filter>
  </ItemGroup>
</Project>