<?xml version="1.0" encoding="utf-8"?>
<Project ToolsVersion="4.0" xmlns="http://schemas.microsoft.com/developer/msbuild/2003">
  <ItemGroup>
    <ClInclude Include="IShader.h">
      <Filter>Shaders</Filter>
    </ClInclude>
    <ClInclude Include="IShaderStorage.h">
      <Filter>Shaders</Filter>
    </ClInclude>
    <ClInclude Include="PixelShader.h">
      <Filter>Shaders</Filter>
    </ClInclude>
    <ClInclude Include="ShaderStorage.h">
      <Filter>Shaders</Filter>
    </ClInclude>
    <ClInclude Include="VertexShader.h">
      <Filter>Shaders</Filter>
    </ClInclude>
    <ClInclude Include="RenderTarget.h">
      <Filter>RenderTarget</Filter>
    </ClInclude>
    <ClInclude Include="RenderTargetStore.h">
      <Filter>RenderTarget</Filter>
    </ClInclude>
    <ClInclude Include="ViewportStore.h">
      <Filter>RenderTarget</Filter>
    </ClInclude>
    <ClInclude Include="Sprite.h">
      <Filter>Sprite</Filter>
    </ClInclude>
    <ClInclude Include="SpriteSizeStore.h">
      <Filter>Sprite</Filter>
    </ClInclude>
    <ClInclude Include="Texture.h">
      <Filter>Texture</Filter>
    </ClInclude>
    <ClInclude Include="DepthStencil.h">
      <Filter>DepthStencil</Filter>
    </ClInclude>
    <ClInclude Include="Font.h">
      <Filter>Font</Filter>
    </ClInclude>
    <ClInclude Include="FontFactory.h">
      <Filter>Font</Filter>
    </ClInclude>
    <ClInclude Include="FontTexture.h">
      <Filter>Font</Filter>
    </ClInclude>
  </ItemGroup>
  <ItemGroup>
    <ClCompile Include="IShaderStorage.cpp">
      <Filter>Shaders</Filter>
    </ClCompile>
    <ClCompile Include="PixelShader.cpp">
      <Filter>Shaders</Filter>
    </ClCompile>
    <ClCompile Include="Shader.cpp">
      <Filter>Shaders</Filter>
    </ClCompile>
    <ClCompile Include="ShaderStorage.cpp">
      <Filter>Shaders</Filter>
    </ClCompile>
    <ClCompile Include="VertexShader.cpp">
      <Filter>Shaders</Filter>
    </ClCompile>
    <ClCompile Include="RenderTarget.cpp">
      <Filter>RenderTarget</Filter>
    </ClCompile>
    <ClCompile Include="RenderTargetStore.cpp">
      <Filter>RenderTarget</Filter>
    </ClCompile>
    <ClCompile Include="ViewportStore.cpp">
      <Filter>RenderTarget</Filter>
    </ClCompile>
    <ClCompile Include="Sprite.cpp">
      <Filter>Sprite</Filter>
    </ClCompile>
    <ClCompile Include="SpriteSizeStore.cpp">
      <Filter>Sprite</Filter>
    </ClCompile>
    <ClCompile Include="Texture.cpp">
      <Filter>Texture</Filter>
    </ClCompile>
    <ClCompile Include="DepthStencil.cpp">
      <Filter>DepthStencil</Filter>
    </ClCompile>
    <ClCompile Include="Font.cpp">
      <Filter>Font</Filter>
    </ClCompile>
    <ClCompile Include="FontFactory.cpp">
      <Filter>Font</Filter>
    </ClCompile>
  </ItemGroup>
  <ItemGroup>
    <Filter Include="Shaders">
      <UniqueIdentifier>{e2aa40d1-8c31-4aa1-9325-2c4a9193e98f}</UniqueIdentifier>
    </Filter>
    <Filter Include="RenderTarget">
      <UniqueIdentifier>{540b9821-6078-493f-bbd4-4dbe626715a9}</UniqueIdentifier>
    </Filter>
    <Filter Include="Sprite">
      <UniqueIdentifier>{abd882fa-9bf6-487a-b9bc-779aebf2ab26}</UniqueIdentifier>
    </Filter>
    <Filter Include="Texture">
      <UniqueIdentifier>{d5f12495-6ec8-4838-afd9-3f6097bce6f2}</UniqueIdentifier>
    </Filter>
    <Filter Include="DepthStencil">
      <UniqueIdentifier>{cf20108a-97e4-44be-9ffe-b501414bf7f6}</UniqueIdentifier>
    </Filter>
    <Filter Include="Font">
      <UniqueIdentifier>{c637d862-3e5c-4ef3-895f-190ad90bb456}</UniqueIdentifier>
    </Filter>
  </ItemGroup>
</Project>