<?xml version="1.0" encoding="utf-8"?>
<Project ToolsVersion="4.0" xmlns="http://schemas.microsoft.com/developer/msbuild/2003">
  <ItemGroup>
    <ClInclude Include="IShader.h" Filter="Shaders" />
    <ClInclude Include="IShaderStorage.h" Filter="Shaders" />
    <ClInclude Include="PixelShader.h" Filter="Shaders" />
    <ClInclude Include="ShaderStorage.h" Filter="Shaders" />
    <ClInclude Include="VertexShader.h" Filter="Shaders" />
    <ClInclude Include="RenderTarget.h" Filter="RenderTarget" />
    <ClInclude Include="RenderTargetStore.h" Filter="RenderTarget" />
    <ClInclude Include="ViewportStore.h" Filter="RenderTarget" />
    <ClInclude Include="Sprite.h" Filter="Sprite" />
    <ClInclude Include="SpriteSizeStore.h" Filter="Sprite" />
    <ClInclude Include="Texture.h" Filter="Texture" />
    <ClInclude Include="DepthStencil.h" Filter="DepthStencil" />
    <ClInclude Include="Font.h" Filter="Font" />
    <ClInclude Include="FontFactory.h" Filter="Font" />
    <ClInclude Include="Device.h" Filter="Device" />
    <ClInclude Include="ParagraphAlignment.h" Filter="Font" />
    <ClInclude Include="TextAlignment.h" Filter="Font" />
    <ClInclude Include="DeviceWindow.h" Filter="Device" />
    <ClInclude Include="VertexShaderStore.h" Filter="Shaders" />
    <ClInclude Include="PixelShaderStore.h" Filter="Shaders" />
    <ClInclude Include="stdafx.h" />
    <ClInclude Include="IFontFactory.h" Filter="Font" />
    <ClInclude Include="IFont.h" Filter="Font" />
    <ClInclude Include="mocks\IFontFactory.h" Filter="Mocks" />
    <ClInclude Include="mocks\IFont.h" Filter="Mocks" />
    <ClInclude Include="RasterizerStateStore.h" Filter="Rasterizer" />
    <ClInclude Include="Mocks\IShaderStorage.h" Filter="Mocks" />
    <ClInclude Include="IDevice.h" Filter="Device" />
    <ClInclude Include="Mocks\IDevice.h" Filter="Mocks" />
    <ClInclude Include="ISprite.h" Filter="Sprite" />
    <ClInclude Include="Mocks\ISprite.h" Filter="Mocks" />
    <ClInclude Include="IRenderTarget.h" Filter="RenderTarget" />
    <ClInclude Include="mocks\IRenderTarget.h" Filter="Mocks" />
    <ClInclude Include="IDeviceWindow.h" Filter="Device" />
    <ClInclude Include="mocks\IDeviceWindow.h" Filter="Mocks" />
    <ClInclude Include="Mocks\D3D\ID3D11DeviceContext.h" Filter="Mocks\D3D" />
    <ClInclude Include="Mocks\IShader.h" Filter="Mocks" />
    <ClInclude Include="JsonSerializers.h" />
    <ClInclude Include="IBuffer.h" Filter="Buffer" />
    <ClInclude Include="Buffer.h" Filter="Buffer" />
    <ClInclude Include="mocks\IBuffer.h" Filter="Mocks" />
    <ClInclude Include="Sampler\ISamplerState.h" Filter="Sampler" />
    <ClInclude Include="Sampler\SamplerState.h" Filter="Sampler" />
    <ClInclude Include="Mocks\ISamplerState.h" Filter="Mocks" />
  </ItemGroup>
  <ItemGroup>
    <ClCompile Include="PixelShader.cpp" Filter="Shaders" />
    <ClCompile Include="Shader.cpp" Filter="Shaders" />
    <ClCompile Include="ShaderStorage.cpp" Filter="Shaders" />
    <ClCompile Include="VertexShader.cpp" Filter="Shaders" />
    <ClCompile Include="RenderTarget.cpp" Filter="RenderTarget" />
    <ClCompile Include="RenderTargetStore.cpp" Filter="RenderTarget" />
    <ClCompile Include="ViewportStore.cpp" Filter="RenderTarget" />
    <ClCompile Include="Sprite.cpp" Filter="Sprite" />
    <ClCompile Include="SpriteSizeStore.cpp" Filter="Sprite" />
    <ClCompile Include="Texture.cpp" Filter="Texture" />
    <ClCompile Include="DepthStencil.cpp" Filter="DepthStencil" />
    <ClCompile Include="Font.cpp" Filter="Font" />
    <ClCompile Include="FontFactory.cpp" Filter="Font" />
    <ClCompile Include="Device.cpp" Filter="Device" />
    <ClCompile Include="DeviceWindow.cpp" Filter="Device" />
    <ClCompile Include="VertexShaderStore.cpp" Filter="Shaders" />
    <ClCompile Include="PixelShaderStore.cpp" Filter="Shaders" />
    <ClCompile Include="stdafx.cpp" />
    <ClCompile Include="RasterizerStateStore.cpp" Filter="Rasterizer" />
    <ClCompile Include="JsonSerializers.cpp" />
    <ClCompile Include="Mocks\Mocks.cpp" Filter="Mocks" />
    <ClCompile Include="Buffer.cpp" Filter="Buffer" />
    <ClCompile Include="Sampler\SamplerState.cpp" Filter="Sampler" />
  </ItemGroup>
  <ItemGroup>
    <Filter Include="Shaders">
      <UniqueIdentifier>{e2aa40d1-8c31-4aa1-9325-2c4a9193e98f}</UniqueIdentifier>
    </Filter>
    <Filter Include="RenderTarget">
      <UniqueIdentifier>{540b9821-6078-493f-bbd4-4dbe626715a9}</UniqueIdentifier>
    </Filter>
    <Filter Include="Sprite">
      <UniqueIdentifier>{abd882fa-9bf6-487a-b9bc-779aebf2ab26}</UniqueIdentifier>
    </Filter>
    <Filter Include="Texture">
      <UniqueIdentifier>{d5f12495-6ec8-4838-afd9-3f6097bce6f2}</UniqueIdentifier>
    </Filter>
    <Filter Include="DepthStencil">
      <UniqueIdentifier>{cf20108a-97e4-44be-9ffe-b501414bf7f6}</UniqueIdentifier>
    </Filter>
    <Filter Include="Font">
      <UniqueIdentifier>{c637d862-3e5c-4ef3-895f-190ad90bb456}</UniqueIdentifier>
    </Filter>
    <Filter Include="Device">
      <UniqueIdentifier>{45b46918-ce4b-4159-9455-6026761d8fc5}</UniqueIdentifier>
    </Filter>
    <Filter Include="Mocks">
      <UniqueIdentifier>{ef2c9a26-a91d-4c79-9a95-ed6a10479adc}</UniqueIdentifier>
    </Filter>
    <Filter Include="Rasterizer">
      <UniqueIdentifier>{4bfba0e9-fb4c-4f56-b8a2-64a51daa20ba}</UniqueIdentifier>
    </Filter>
    <Filter Include="Mocks\D3D">
      <UniqueIdentifier>{5a5fdaf9-9583-4d9a-8809-e38269df4bfd}</UniqueIdentifier>
    </Filter>
    <Filter Include="Buffer">
      <UniqueIdentifier>{b68f0cbd-a3d1-4736-bb51-2a72974a2394}</UniqueIdentifier>
    </Filter>
    <Filter Include="Sampler">
      <UniqueIdentifier>{aec37760-5c07-4fb0-bcb3-7019c5c12021}</UniqueIdentifier>
    </Filter>
  </ItemGroup>
  <ItemGroup>
    <None Include="IBuffer.inl" Filter="Buffer" />
  </ItemGroup>
</Project>