<?xml version="1.0" encoding="utf-8"?>
<Project ToolsVersion="4.0" xmlns="http://schemas.microsoft.com/developer/msbuild/2003">
  <ItemGroup>
    <Filter Include="Source Files">
      <UniqueIdentifier>{4FC737F1-C7A5-4376-A066-2A32D752A2FF}</UniqueIdentifier>
      <Extensions>cpp;c;cc;cxx;c++;cppm;ixx;def;odl;idl;hpj;bat;asm;asmx</Extensions>
    </Filter>
    <Filter Include="Header Files">
      <UniqueIdentifier>{93995380-89BD-4b04-88EB-625FBE52EBFB}</UniqueIdentifier>
      <Extensions>h;hh;hpp;hxx;h++;hm;inl;inc;ipp;xsd</Extensions>
    </Filter>
    <Filter Include="Resource Files">
      <UniqueIdentifier>{67DA6AB6-F800-4c08-8B7A-83BB121AAD01}</UniqueIdentifier>
      <Extensions>rc;ico;cur;bmp;dlg;rc2;rct;bin;rgs;gif;jpg;jpeg;jpe;resx;tiff;tif;png;wav;mfcribbon-ms</Extensions>
    </Filter>
    <Filter Include="imgui">
      <UniqueIdentifier>{387ed430-d82c-48fd-90a7-9ba1e7caae36}</UniqueIdentifier>
    </Filter>
    <Filter Include="imgui\shared">
      <UniqueIdentifier>{84d4236c-ea96-4cc3-a458-3108d844e3ec}</UniqueIdentifier>
    </Filter>
  </ItemGroup>
  <ItemGroup>
    <ClCompile Include="trview.app.ui.tests.cpp">
      <Filter>Source Files</Filter>
    </ClCompile>
    <ClCompile Include="..\external\shared\imgui_app.cpp">
      <Filter>imgui\shared</Filter>
    </ClCompile>
    <ClCompile Include="..\external\imgui\imgui.cpp">
      <Filter>imgui</Filter>
    </ClCompile>
    <ClCompile Include="..\external\imgui\imgui_demo.cpp">
      <Filter>imgui</Filter>
    </ClCompile>
    <ClCompile Include="..\external\imgui\imgui_draw.cpp">
      <Filter>imgui</Filter>
    </ClCompile>
    <ClCompile Include="..\external\imgui\imgui_tables.cpp">
      <Filter>imgui</Filter>
    </ClCompile>
    <ClCompile Include="..\external\imgui\imgui_widgets.cpp">
      <Filter>imgui</Filter>
    </ClCompile>
    <ClCompile Include="..\external\imgui\misc\cpp\imgui_stdlib.cpp">
      <Filter>imgui</Filter>
    </ClCompile>
    <ClCompile Include="trview_tests.cpp">
      <Filter>Source Files</Filter>
    </ClCompile>
    <ClCompile Include="ViewOptionsTests.cpp">
      <Filter>Source Files</Filter>
    </ClCompile>
    <ClCompile Include="CameraControlsTests.cpp">
      <Filter>Source Files</Filter>
    </ClCompile>
    <ClCompile Include="RoomNavigatorTests.cpp">
      <Filter>Source Files</Filter>
    </ClCompile>
    <ClCompile Include="SettingsWindowTests.cpp">
      <Filter>Source Files</Filter>
    </ClCompile>
    <ClCompile Include="pch.cpp">
      <Filter>Source Files</Filter>
    </ClCompile>
    <ClCompile Include="LevelInfoTests.cpp">
      <Filter>Source Files</Filter>
    </ClCompile>
    <ClCompile Include="ItemsWindowTests.cpp">
      <Filter>Source Files</Filter>
    </ClCompile>
    <ClCompile Include="CameraPositionTests.cpp">
      <Filter>Source Files</Filter>
    </ClCompile>
    <ClCompile Include="ContextMenuTests.cpp">
      <Filter>Source Files</Filter>
    </ClCompile>
  </ItemGroup>
  <ItemGroup>
    <ClInclude Include="..\external\shared\imgui_app.h">
      <Filter>imgui\shared</Filter>
    </ClInclude>
    <ClInclude Include="trview_imconfig.h">
      <Filter>Header Files</Filter>
    </ClInclude>
    <ClInclude Include="trview_tests.h">
      <Filter>Header Files</Filter>
    </ClInclude>
    <ClInclude Include="TestHelpers.h">
      <Filter>Header Files</Filter>
    </ClInclude>
    <ClInclude Include="ViewOptionsTests.h">
      <Filter>Header Files</Filter>
    </ClInclude>
    <ClInclude Include="CameraControlsTests.h">
      <Filter>Header Files</Filter>
    </ClInclude>
    <ClInclude Include="RoomNavigatorTests.h">
      <Filter>Header Files</Filter>
    </ClInclude>
    <ClInclude Include="SettingsWindowTests.h">
      <Filter>Header Files</Filter>
    </ClInclude>
    <ClInclude Include="pch.h">
      <Filter>Header Files</Filter>
    </ClInclude>
    <ClInclude Include="LevelInfoTests.h">
      <Filter>Header Files</Filter>
    </ClInclude>
    <ClInclude Include="ItemsWindowTests.h">
      <Filter>Header Files</Filter>
    </ClInclude>
    <ClInclude Include="CameraPositionTests.h">
      <Filter>Header Files</Filter>
    </ClInclude>
    <ClInclude Include="ContextMenuTests.h">
      <Filter>Header Files</Filter>
    </ClInclude>
  </ItemGroup>
  <ItemGroup>
    <None Include="TestHelpers.inl">
      <Filter>Header Files</Filter>
    </None>
  </ItemGroup>
</Project>