<?xml version="1.0" encoding="utf-8"?>
<Project ToolsVersion="4.0" xmlns="http://schemas.microsoft.com/developer/msbuild/2003">
  <ItemGroup>
    <ClInclude Include="Mocks.hpp" />
  </ItemGroup>
  <ItemGroup>
    <ClCompile Include="Window.cpp" />
    <ClCompile Include="Messages.cpp" />
    <ClCompile Include="Event.ixx" />
    <ClCompile Include="Messages.ixx" />
    <ClCompile Include="Mocks.ixx" />
    <ClCompile Include="Window.ixx" />
    <ClCompile Include="trview.tests.common.ixx" />
  </ItemGroup>
</Project>