
Microsoft Visual Studio Solution File, Format Version 12.00
# Visual Studio 15
VisualStudioVersion = 15.0.27130.2020
MinimumVisualStudioVersion = 10.0.40219.1
Project("{8BC9CEB8-8B4A-11D0-8D11-00A0C91BC942}") = "trview", "trview\trview.vcxproj", "{8406D3CD-8C08-45C2-AF2C-844014A687A1}"
EndProject
Project("{8BC9CEB8-8B4A-11D0-8D11-00A0C91BC942}") = "trlevel", "trlevel\trlevel.vcxproj", "{8FFB19FA-1C9D-4D9C-AB96-844BF695E79C}"
EndProject
Project("{8BC9CEB8-8B4A-11D0-8D11-00A0C91BC942}") = "trlevel.tests", "trlevel.tests\trlevel.tests.vcxproj", "{46950C3B-D39B-40AC-B37F-0D5D2E5E09B1}"
EndProject
Project("{8BC9CEB8-8B4A-11D0-8D11-00A0C91BC942}") = "trview.input", "trview.input\trview.input.vcxproj", "{0B28C3CD-D28A-4923-9577-50EB1EE29212}"
EndProject
Project("{8BC9CEB8-8B4A-11D0-8D11-00A0C91BC942}") = "trview.common", "trview.common\trview.common.vcxproj", "{D0633291-23A6-4B3F-9A5E-E94D20F66A07}"
EndProject
Project("{8BC9CEB8-8B4A-11D0-8D11-00A0C91BC942}") = "trview.ui", "trview.ui\trview.ui.vcxproj", "{160BD1C8-42C1-46E6-A232-B980B9B6D57E}"
EndProject
Project("{8BC9CEB8-8B4A-11D0-8D11-00A0C91BC942}") = "trview.ui.render", "trview.ui.render\trview.ui.render.vcxproj", "{0C5A9791-6CF1-42E9-9776-AC47EEFF8EC8}"
EndProject
Project("{2150E333-8FDC-42A3-9474-1A3956D46DE8}") = "external", "external", "{14424861-057E-431A-97B1-0F482C6DD4E0}"
EndProject
Project("{8BC9CEB8-8B4A-11D0-8D11-00A0C91BC942}") = "DirectXTK_Desktop_2017", "external\DirectXTK\DirectXTK_Desktop_2017.vcxproj", "{E0B52AE7-E160-4D32-BF3F-910B785E5A8E}"
EndProject
Global
	GlobalSection(SolutionConfigurationPlatforms) = preSolution
		Debug|x64 = Debug|x64
		Debug|x86 = Debug|x86
		Release|x64 = Release|x64
		Release|x86 = Release|x86
	EndGlobalSection
	GlobalSection(ProjectConfigurationPlatforms) = postSolution
		{8406D3CD-8C08-45C2-AF2C-844014A687A1}.Debug|x64.ActiveCfg = Debug|x64
		{8406D3CD-8C08-45C2-AF2C-844014A687A1}.Debug|x64.Build.0 = Debug|x64
		{8406D3CD-8C08-45C2-AF2C-844014A687A1}.Debug|x86.ActiveCfg = Debug|Win32
		{8406D3CD-8C08-45C2-AF2C-844014A687A1}.Debug|x86.Build.0 = Debug|Win32
		{8406D3CD-8C08-45C2-AF2C-844014A687A1}.Release|x64.ActiveCfg = Release|x64
		{8406D3CD-8C08-45C2-AF2C-844014A687A1}.Release|x64.Build.0 = Release|x64
		{8406D3CD-8C08-45C2-AF2C-844014A687A1}.Release|x86.ActiveCfg = Release|Win32
		{8406D3CD-8C08-45C2-AF2C-844014A687A1}.Release|x86.Build.0 = Release|Win32
		{8FFB19FA-1C9D-4D9C-AB96-844BF695E79C}.Debug|x64.ActiveCfg = Debug|x64
		{8FFB19FA-1C9D-4D9C-AB96-844BF695E79C}.Debug|x64.Build.0 = Debug|x64
		{8FFB19FA-1C9D-4D9C-AB96-844BF695E79C}.Debug|x86.ActiveCfg = Debug|Win32
		{8FFB19FA-1C9D-4D9C-AB96-844BF695E79C}.Debug|x86.Build.0 = Debug|Win32
		{8FFB19FA-1C9D-4D9C-AB96-844BF695E79C}.Release|x64.ActiveCfg = Release|x64
		{8FFB19FA-1C9D-4D9C-AB96-844BF695E79C}.Release|x64.Build.0 = Release|x64
		{8FFB19FA-1C9D-4D9C-AB96-844BF695E79C}.Release|x86.ActiveCfg = Release|Win32
		{8FFB19FA-1C9D-4D9C-AB96-844BF695E79C}.Release|x86.Build.0 = Release|Win32
		{46950C3B-D39B-40AC-B37F-0D5D2E5E09B1}.Debug|x64.ActiveCfg = Debug|x64
		{46950C3B-D39B-40AC-B37F-0D5D2E5E09B1}.Debug|x64.Build.0 = Debug|x64
		{46950C3B-D39B-40AC-B37F-0D5D2E5E09B1}.Debug|x86.ActiveCfg = Debug|Win32
		{46950C3B-D39B-40AC-B37F-0D5D2E5E09B1}.Debug|x86.Build.0 = Debug|Win32
		{46950C3B-D39B-40AC-B37F-0D5D2E5E09B1}.Release|x64.ActiveCfg = Release|x64
		{46950C3B-D39B-40AC-B37F-0D5D2E5E09B1}.Release|x64.Build.0 = Release|x64
		{46950C3B-D39B-40AC-B37F-0D5D2E5E09B1}.Release|x86.ActiveCfg = Release|Win32
		{46950C3B-D39B-40AC-B37F-0D5D2E5E09B1}.Release|x86.Build.0 = Release|Win32
		{0B28C3CD-D28A-4923-9577-50EB1EE29212}.Debug|x64.ActiveCfg = Debug|x64
		{0B28C3CD-D28A-4923-9577-50EB1EE29212}.Debug|x64.Build.0 = Debug|x64
		{0B28C3CD-D28A-4923-9577-50EB1EE29212}.Debug|x86.ActiveCfg = Debug|Win32
		{0B28C3CD-D28A-4923-9577-50EB1EE29212}.Debug|x86.Build.0 = Debug|Win32
		{0B28C3CD-D28A-4923-9577-50EB1EE29212}.Release|x64.ActiveCfg = Release|x64
		{0B28C3CD-D28A-4923-9577-50EB1EE29212}.Release|x64.Build.0 = Release|x64
		{0B28C3CD-D28A-4923-9577-50EB1EE29212}.Release|x86.ActiveCfg = Release|Win32
		{0B28C3CD-D28A-4923-9577-50EB1EE29212}.Release|x86.Build.0 = Release|Win32
		{D0633291-23A6-4B3F-9A5E-E94D20F66A07}.Debug|x64.ActiveCfg = Debug|x64
		{D0633291-23A6-4B3F-9A5E-E94D20F66A07}.Debug|x64.Build.0 = Debug|x64
		{D0633291-23A6-4B3F-9A5E-E94D20F66A07}.Debug|x86.ActiveCfg = Debug|Win32
		{D0633291-23A6-4B3F-9A5E-E94D20F66A07}.Debug|x86.Build.0 = Debug|Win32
		{D0633291-23A6-4B3F-9A5E-E94D20F66A07}.Release|x64.ActiveCfg = Release|x64
		{D0633291-23A6-4B3F-9A5E-E94D20F66A07}.Release|x64.Build.0 = Release|x64
		{D0633291-23A6-4B3F-9A5E-E94D20F66A07}.Release|x86.ActiveCfg = Release|Win32
		{D0633291-23A6-4B3F-9A5E-E94D20F66A07}.Release|x86.Build.0 = Release|Win32
		{160BD1C8-42C1-46E6-A232-B980B9B6D57E}.Debug|x64.ActiveCfg = Debug|x64
		{160BD1C8-42C1-46E6-A232-B980B9B6D57E}.Debug|x64.Build.0 = Debug|x64
		{160BD1C8-42C1-46E6-A232-B980B9B6D57E}.Debug|x86.ActiveCfg = Debug|Win32
		{160BD1C8-42C1-46E6-A232-B980B9B6D57E}.Debug|x86.Build.0 = Debug|Win32
		{160BD1C8-42C1-46E6-A232-B980B9B6D57E}.Release|x64.ActiveCfg = Release|x64
		{160BD1C8-42C1-46E6-A232-B980B9B6D57E}.Release|x64.Build.0 = Release|x64
		{160BD1C8-42C1-46E6-A232-B980B9B6D57E}.Release|x86.ActiveCfg = Release|Win32
		{160BD1C8-42C1-46E6-A232-B980B9B6D57E}.Release|x86.Build.0 = Release|Win32
		{0C5A9791-6CF1-42E9-9776-AC47EEFF8EC8}.Debug|x64.ActiveCfg = Debug|x64
		{0C5A9791-6CF1-42E9-9776-AC47EEFF8EC8}.Debug|x64.Build.0 = Debug|x64
		{0C5A9791-6CF1-42E9-9776-AC47EEFF8EC8}.Debug|x86.ActiveCfg = Debug|Win32
		{0C5A9791-6CF1-42E9-9776-AC47EEFF8EC8}.Debug|x86.Build.0 = Debug|Win32
		{0C5A9791-6CF1-42E9-9776-AC47EEFF8EC8}.Release|x64.ActiveCfg = Release|x64
		{0C5A9791-6CF1-42E9-9776-AC47EEFF8EC8}.Release|x64.Build.0 = Release|x64
		{0C5A9791-6CF1-42E9-9776-AC47EEFF8EC8}.Release|x86.ActiveCfg = Release|Win32
		{0C5A9791-6CF1-42E9-9776-AC47EEFF8EC8}.Release|x86.Build.0 = Release|Win32
		{E0B52AE7-E160-4D32-BF3F-910B785E5A8E}.Debug|x64.ActiveCfg = Debug|x64
		{E0B52AE7-E160-4D32-BF3F-910B785E5A8E}.Debug|x64.Build.0 = Debug|x64
		{E0B52AE7-E160-4D32-BF3F-910B785E5A8E}.Debug|x86.ActiveCfg = Debug|Win32
		{E0B52AE7-E160-4D32-BF3F-910B785E5A8E}.Debug|x86.Build.0 = Debug|Win32
		{E0B52AE7-E160-4D32-BF3F-910B785E5A8E}.Release|x64.ActiveCfg = Release|x64
		{E0B52AE7-E160-4D32-BF3F-910B785E5A8E}.Release|x64.Build.0 = Release|x64
		{E0B52AE7-E160-4D32-BF3F-910B785E5A8E}.Release|x86.ActiveCfg = Release|Win32
		{E0B52AE7-E160-4D32-BF3F-910B785E5A8E}.Release|x86.Build.0 = Release|Win32
	EndGlobalSection
	GlobalSection(SolutionProperties) = preSolution
		HideSolutionNode = FALSE
	EndGlobalSection
	GlobalSection(NestedProjects) = preSolution
		{E0B52AE7-E160-4D32-BF3F-910B785E5A8E} = {14424861-057E-431A-97B1-0F482C6DD4E0}
	EndGlobalSection
	GlobalSection(ExtensibilityGlobals) = postSolution
		SolutionGuid = {E1BD837F-81FB-40A7-879E-E411807799F4}
	EndGlobalSection
EndGlobal
