<?xml version="1.0" encoding="utf-8"?>
<Project ToolsVersion="4.0" xmlns="http://schemas.microsoft.com/developer/msbuild/2003">
  <ItemGroup>
    <ClCompile Include="Mouse.cpp" />
    <ClCompile Include="Keyboard.cpp" />
    <ClCompile Include="WindowTester.cpp" />
    <ClCompile Include="trview.input.ixx" />
    <ClCompile Include="Mocks\MockMouse.ixx">
      <Filter>Mocks</Filter>
    </ClCompile>
    <ClCompile Include="IWindowTester.ixx" />
    <ClCompile Include="IMouse.ixx" />
    <ClCompile Include="Keyboard.ixx" />
    <ClCompile Include="Mouse.ixx" />
    <ClCompile Include="WindowTester.ixx" />
    <ClCompile Include="IMouse.cpp" />
    <ClCompile Include="IWindowTester.cpp" />
    <ClCompile Include="Mocks\MockMouse.cpp">
      <Filter>Mocks</Filter>
    </ClCompile>
  </ItemGroup>
  <ItemGroup>
    <Filter Include="Mocks">
      <UniqueIdentifier>{956b28be-905f-4d7b-a2d8-e860bc0113ff}</UniqueIdentifier>
    </Filter>
  </ItemGroup>
</Project>