<?xml version="1.0" encoding="utf-8"?>
<Project ToolsVersion="4.0" xmlns="http://schemas.microsoft.com/developer/msbuild/2003">
  <ItemGroup>
    <ClCompile Include="Mouse.cpp" />
    <ClCompile Include="Keyboard.cpp" />
    <ClCompile Include="WindowTester.cpp" />
    <ClCompile Include="IWindowTester.cpp" />
  </ItemGroup>
  <ItemGroup>
    <ClInclude Include="Mouse.h" />
    <ClInclude Include="Keyboard.h" />
    <ClInclude Include="IWindowTester.h" />
    <ClInclude Include="WindowTester.h" />
  </ItemGroup>
</Project>