<?xml version="1.0" encoding="utf-8"?>
<Project ToolsVersion="4.0" xmlns="http://schemas.microsoft.com/developer/msbuild/2003">
  <ItemGroup>
    <ClCompile Include="Mouse.cpp" />
    <ClCompile Include="Keyboard.cpp" />
    <ClCompile Include="WindowTester.cpp" />
    <ClCompile Include="stdafx.cpp" />
  </ItemGroup>
  <ItemGroup>
    <ClInclude Include="Mouse.h" />
    <ClInclude Include="Keyboard.h" />
    <ClInclude Include="IWindowTester.h" />
    <ClInclude Include="WindowTester.h" />
    <ClInclude Include="stdafx.h" />
    <ClInclude Include="IMouse.h" />
    <ClInclude Include="Mocks\IMouse.h">
      <Filter>Mocks</Filter>
    </ClInclude>
  </ItemGroup>
  <ItemGroup>
    <Filter Include="Mocks">
      <UniqueIdentifier>{956b28be-905f-4d7b-a2d8-e860bc0113ff}</UniqueIdentifier>
    </Filter>
  </ItemGroup>
</Project>