<?xml version="1.0" encoding="utf-8"?>
<Project ToolsVersion="4.0" xmlns="http://schemas.microsoft.com/developer/msbuild/2003">
  <ItemGroup>
    <Filter Include="Program">
      <UniqueIdentifier>{ccc85673-5a75-47e9-a108-5f6c027fb645}</UniqueIdentifier>
    </Filter>
    <Filter Include="Graphics">
      <UniqueIdentifier>{94ba7176-10d8-4cf9-b2f2-e6a6d554e70a}</UniqueIdentifier>
    </Filter>
    <Filter Include="Program\Windows">
      <UniqueIdentifier>{d62d90a2-1cf3-46d2-9da2-e816606535dd}</UniqueIdentifier>
    </Filter>
    <Filter Include="Win">
      <UniqueIdentifier>{19537d19-9f7b-4110-a120-984dd4b941de}</UniqueIdentifier>
    </Filter>
    <Filter Include="Win\Resource Files">
      <UniqueIdentifier>{67DA6AB6-F800-4c08-8B7A-83BB121AAD01}</UniqueIdentifier>
      <Extensions>rc;ico;cur;bmp;dlg;rc2;rct;bin;rgs;gif;jpg;jpeg;jpe;resx;tiff;tif;png;wav;mfcribbon-ms</Extensions>
    </Filter>
    <Filter Include="View">
      <UniqueIdentifier>{80fe0e35-9ed7-4088-8057-4058bcaf4ed6}</UniqueIdentifier>
    </Filter>
    <Filter Include="View\Room">
      <UniqueIdentifier>{7ae20e87-1039-4dde-a495-b220a370043d}</UniqueIdentifier>
    </Filter>
    <Filter Include="View\Level">
      <UniqueIdentifier>{93f99320-fae2-4478-8cf9-1cc514c4b144}</UniqueIdentifier>
    </Filter>
    <Filter Include="View\Textures">
      <UniqueIdentifier>{0ebffe13-9bad-4cf5-ab30-021d6dcc3553}</UniqueIdentifier>
    </Filter>
    <Filter Include="View\Mesh">
      <UniqueIdentifier>{0f146f28-87f0-47e0-8847-d5fac15cc507}</UniqueIdentifier>
    </Filter>
    <Filter Include="Resources">
      <UniqueIdentifier>{bb6233b6-2218-4c3e-8934-1ef700a66256}</UniqueIdentifier>
    </Filter>
    <Filter Include="View\Entity">
      <UniqueIdentifier>{de962a03-c92e-459f-b33a-cdd5927fe5bf}</UniqueIdentifier>
    </Filter>
    <Filter Include="Camera">
      <UniqueIdentifier>{4c4905f3-010e-4d59-b23f-810136eb84ac}</UniqueIdentifier>
    </Filter>
  </ItemGroup>
  <ItemGroup>
    <ClInclude Include="Viewer.h">
      <Filter>Program</Filter>
    </ClInclude>
    <ClInclude Include="TextureWindow.h">
      <Filter>Program\Windows</Filter>
    </ClInclude>
    <ClInclude Include="resource.h">
      <Filter>Win</Filter>
    </ClInclude>
    <ClInclude Include="stdafx.h">
      <Filter>Win</Filter>
    </ClInclude>
    <ClInclude Include="targetver.h">
      <Filter>Win</Filter>
    </ClInclude>
    <ClInclude Include="trview.h">
      <Filter>Win</Filter>
    </ClInclude>
    <ClInclude Include="Room.h">
      <Filter>View\Room</Filter>
    </ClInclude>
    <ClInclude Include="RoomInfo.h">
      <Filter>View\Room</Filter>
    </ClInclude>
    <ClInclude Include="RoomNavigator.h">
      <Filter>Program\Windows</Filter>
    </ClInclude>
    <ClInclude Include="GoToRoom.h">
      <Filter>Program\Windows</Filter>
    </ClInclude>
    <ClInclude Include="Level.h">
      <Filter>View\Level</Filter>
    </ClInclude>
    <ClInclude Include="Mesh.h">
      <Filter>View</Filter>
    </ClInclude>
    <ClInclude Include="StaticMesh.h">
      <Filter>View</Filter>
    </ClInclude>
    <ClInclude Include="ITextureStorage.h">
      <Filter>View\Textures</Filter>
    </ClInclude>
    <ClInclude Include="MeshStorage.h">
      <Filter>View\Mesh</Filter>
    </ClInclude>
    <ClInclude Include="IMeshStorage.h">
      <Filter>View\Mesh</Filter>
    </ClInclude>
    <ClInclude Include="ILevelTextureStorage.h">
      <Filter>View\Textures</Filter>
    </ClInclude>
    <ClInclude Include="LevelTextureStorage.h">
      <Filter>View\Textures</Filter>
    </ClInclude>
    <ClInclude Include="TextureStorage.h">
      <Filter>View\Textures</Filter>
    </ClInclude>
    <ClInclude Include="UserSettings.h">
      <Filter>Program</Filter>
    </ClInclude>
    <ClInclude Include="CameraControls.h">
      <Filter>Program\Windows</Filter>
    </ClInclude>
    <ClInclude Include="Neighbours.h">
      <Filter>Program\Windows</Filter>
    </ClInclude>
    <ClInclude Include="LevelInfo.h">
      <Filter>Program\Windows</Filter>
    </ClInclude>
    <ClInclude Include="Entity.h">
      <Filter>View\Entity</Filter>
    </ClInclude>
    <ClInclude Include="MeshVertex.h">
      <Filter>View</Filter>
    </ClInclude>
    <ClInclude Include="TransparencyBuffer.h">
      <Filter>View</Filter>
    </ClInclude>
    <ClInclude Include="TransparentTriangle.h">
      <Filter>View</Filter>
    </ClInclude>
    <ClInclude Include="DirectoryListing.h">
      <Filter>Program\Windows</Filter>
    </ClInclude>
    <ClInclude Include="Sector.h">
      <Filter>View\Room</Filter>
    </ClInclude>
    <ClInclude Include="Types.h">
      <Filter>View\Room</Filter>
    </ClInclude>
    <ClInclude Include="DefaultShaders.h">
      <Filter>Graphics</Filter>
    </ClInclude>
    <ClInclude Include="Camera.h">
      <Filter>Camera</Filter>
    </ClInclude>
    <ClInclude Include="FreeCamera.h">
      <Filter>Camera</Filter>
    </ClInclude>
    <ClInclude Include="ICamera.h">
      <Filter>Camera</Filter>
    </ClInclude>
    <ClInclude Include="CameraMode.h">
      <Filter>Camera</Filter>
    </ClInclude>
    <ClInclude Include="CameraInput.h">
      <Filter>Camera</Filter>
    </ClInclude>
    <ClInclude Include="DefaultTextures.h">
      <Filter>Graphics</Filter>
    </ClInclude>
    <ClInclude Include="SettingsWindow.h">
      <Filter>Program\Windows</Filter>
    </ClInclude>
    <ClInclude Include="LevelSwitcher.h">
      <Filter>Program</Filter>
    </ClInclude>
    <ClInclude Include="ResourceHelper.h">
      <Filter>Graphics</Filter>
    </ClInclude>
    <ClInclude Include="DefaultFonts.h">
      <Filter>Graphics</Filter>
    </ClInclude>
  </ItemGroup>
  <ItemGroup>
    <ClCompile Include="Viewer.cpp">
      <Filter>Program</Filter>
    </ClCompile>
    <ClCompile Include="TextureWindow.cpp">
      <Filter>Program\Windows</Filter>
    </ClCompile>
    <ClCompile Include="stdafx.cpp">
      <Filter>Win</Filter>
    </ClCompile>
    <ClCompile Include="trview.cpp">
      <Filter>Win</Filter>
    </ClCompile>
    <ClCompile Include="Room.cpp">
      <Filter>View\Room</Filter>
    </ClCompile>
    <ClCompile Include="RoomNavigator.cpp">
      <Filter>Program\Windows</Filter>
    </ClCompile>
    <ClCompile Include="GoToRoom.cpp">
      <Filter>Program\Windows</Filter>
    </ClCompile>
    <ClCompile Include="Level.cpp">
      <Filter>View\Level</Filter>
    </ClCompile>
    <ClCompile Include="StaticMesh.cpp">
      <Filter>View</Filter>
    </ClCompile>
    <ClCompile Include="Mesh.cpp">
      <Filter>View</Filter>
    </ClCompile>
    <ClCompile Include="ITextureStorage.cpp">
      <Filter>View\Textures</Filter>
    </ClCompile>
    <ClCompile Include="MeshStorage.cpp">
      <Filter>View\Mesh</Filter>
    </ClCompile>
    <ClCompile Include="IMeshStorage.cpp">
      <Filter>View\Mesh</Filter>
    </ClCompile>
    <ClCompile Include="ILevelTextureStorage.cpp">
      <Filter>View\Textures</Filter>
    </ClCompile>
    <ClCompile Include="LevelTextureStorage.cpp">
      <Filter>View\Textures</Filter>
    </ClCompile>
    <ClCompile Include="TextureStorage.cpp">
      <Filter>View\Textures</Filter>
    </ClCompile>
    <ClCompile Include="UserSettings.cpp">
      <Filter>Program</Filter>
    </ClCompile>
    <ClCompile Include="CameraControls.cpp">
      <Filter>Program\Windows</Filter>
    </ClCompile>
    <ClCompile Include="Neighbours.cpp">
      <Filter>Program\Windows</Filter>
    </ClCompile>
    <ClCompile Include="LevelInfo.cpp">
      <Filter>Program\Windows</Filter>
    </ClCompile>
    <ClCompile Include="Entity.cpp">
      <Filter>View\Entity</Filter>
    </ClCompile>
    <ClCompile Include="TransparencyBuffer.cpp">
      <Filter>View</Filter>
    </ClCompile>
    <ClCompile Include="TransparentTriangle.cpp">
      <Filter>View</Filter>
    </ClCompile>
    <ClCompile Include="DirectoryListing.cpp">
      <Filter>Program\Windows</Filter>
    </ClCompile>
    <ClCompile Include="Sector.cpp">
      <Filter>View\Room</Filter>
    </ClCompile>
    <ClCompile Include="DefaultShaders.cpp">
      <Filter>Graphics</Filter>
    </ClCompile>
    <ClCompile Include="Camera.cpp">
      <Filter>Camera</Filter>
    </ClCompile>
    <ClCompile Include="FreeCamera.cpp">
      <Filter>Camera</Filter>
    </ClCompile>
    <ClCompile Include="ICamera.cpp">
      <Filter>Camera</Filter>
    </ClCompile>
    <ClCompile Include="CameraInput.cpp">
      <Filter>Camera</Filter>
    </ClCompile>
    <ClCompile Include="DefaultTextures.cpp">
      <Filter>Graphics</Filter>
    </ClCompile>
    <ClCompile Include="SettingsWindow.cpp">
      <Filter>Program\Windows</Filter>
    </ClCompile>
    <ClCompile Include="LevelSwitcher.cpp">
      <Filter>Program</Filter>
    </ClCompile>
    <ClCompile Include="ResourceHelper.cpp">
      <Filter>Graphics</Filter>
    </ClCompile>
    <ClCompile Include="DefaultFonts.cpp">
      <Filter>Graphics</Filter>
    </ClCompile>
  </ItemGroup>
  <ItemGroup>
    <ResourceCompile Include="trview.rc">
      <Filter>Win\Resource Files</Filter>
    </ResourceCompile>
  </ItemGroup>
  <ItemGroup>
    <Image Include="small.ico">
      <Filter>Win\Resource Files</Filter>
    </Image>
    <Image Include="trview.ico">
      <Filter>Win\Resource Files</Filter>
    </Image>
    <Image Include="resources\tomb3.png">
      <Filter>Resources</Filter>
    </Image>
    <Image Include="resources\unknown.png">
      <Filter>Resources</Filter>
    </Image>
    <Image Include="resources\tomb2.png">
      <Filter>Resources</Filter>
    </Image>
    <Image Include="resources\tomb1.png">
      <Filter>Resources</Filter>
    </Image>
    <Image Include="resources\tomb4.png">
      <Filter>Resources</Filter>
    </Image>
    <Image Include="resources\tomb5.png">
      <Filter>Resources</Filter>
    </Image>
    <Image Include="resources\numericdown.png">
      <Filter>Resources</Filter>
    </Image>
    <Image Include="resources\numericup.png">
      <Filter>Resources</Filter>
    </Image>
    <Image Include="resources\settings.png">
      <Filter>Resources</Filter>
    </Image>
  </ItemGroup>
  <ItemGroup>
    <Text Include="Controls.txt" />
    <Text Include="fontlist.txt">
      <Filter>Win\Resource Files</Filter>
    </Text>
  </ItemGroup>
  <ItemGroup>
    <None Include="texturelist.txt">
      <Filter>Win\Resource Files</Filter>
    </None>
    <None Include="resources\level_pixel_shader.cso">
      <Filter>Resources</Filter>
    </None>
    <None Include="resources\level_vertex_shader.cso">
      <Filter>Resources</Filter>
    </None>
    <None Include="resources\ui_pixel_shader.cso">
      <Filter>Resources</Filter>
    </None>
    <None Include="resources\ui_vertex_shader.cso">
      <Filter>Resources</Filter>
    </None>
    <None Include="resources\arial8.bin">
      <Filter>Resources</Filter>
    </None>
  </ItemGroup>
</Project>