<?xml version="1.0" encoding="utf-8"?>
<Project ToolsVersion="4.0" xmlns="http://schemas.microsoft.com/developer/msbuild/2003">
  <ItemGroup>
    <ClInclude Include="LevelVersion.hpp" />
  </ItemGroup>
  <ItemGroup>
    <ClCompile Include="trtypes.cpp" />
    <ClCompile Include="LevelVersion.cpp" />
    <ClCompile Include="tr_lights.cpp" />
    <ClCompile Include="Decrypter.cpp" />
    <ClCompile Include="Mocks\MockLevel.cpp" Filter="Mocks" />
    <ClCompile Include="tr_rooms.cpp" />
    <ClCompile Include="Level.cpp" Filter="Level" />
    <ClCompile Include="Level_common.cpp" Filter="Level\Common" />
    <ClCompile Include="Level_tr1_pc.ixx" Filter="Level\PC" />
    <ClCompile Include="Level_tr2_pc.ixx" Filter="Level\PC" />
    <ClCompile Include="Level_tr3_pc.ixx" Filter="Level\PC" />
    <ClCompile Include="Level_tr1_psx.ixx" Filter="Level\PSX" />
    <ClCompile Include="Level_tr2_psx.ixx" Filter="Level\PSX" />
    <ClCompile Include="Level_tr3_psx.ixx" Filter="Level\PSX" />
    <ClCompile Include="Level_psx.cpp" Filter="Level\PSX" />
    <ClCompile Include="Level_tr4_pc.ixx" Filter="Level\PC" />
    <ClCompile Include="Level_tr5_pc.ixx" Filter="Level\PC" />
    <ClCompile Include="Level_tr4_psx.ixx" Filter="Level\PSX" />
    <ClCompile Include="Pack.cpp" />
    <ClCompile Include="Level_tr5_psx.ixx" Filter="Level\PSX" />
    <ClCompile Include="Level_tr5_dc.ixx" Filter="Level\DC" />
    <ClCompile Include="Level_tr1_saturn.ixx" Filter="Level\Saturn" />
    <ClCompile Include="TileMapper.cpp" Filter="Level\Saturn" />
    <ClCompile Include="Hasher.cpp" />
    <ClCompile Include="ILevel.ixx">
      <Filter>Level</Filter>
    </ClCompile>
    <ClCompile Include="IPack.ixx" />
    <ClCompile Include="IPack.cpp" />
    <ClCompile Include="LevelVersion.ixx" />
    <ClCompile Include="trlevel.ixx" />
    <ClCompile Include="tr_lights.ixx" />
    <ClCompile Include="IDecrypter.ixx" />
    <ClCompile Include="IDecrypter.cpp" />
    <ClCompile Include="trtypes.ixx" />
    <ClCompile Include="tr_rooms.ixx" />
    <ClCompile Include="Level.ixx">
      <Filter>Level</Filter>
    </ClCompile>
    <ClCompile Include="IHasher.cpp" />
    <ClCompile Include="IHasher.ixx" />
    <ClCompile Include="Mocks\MockLevel.ixx">
      <Filter>Mocks</Filter>
    </ClCompile>
    <ClCompile Include="Hasher.ixx" />
    <ClCompile Include="LevelLoadException.ixx" />
    <ClCompile Include="LevelEncryptedException.ixx" />
    <ClCompile Include="Level_common.ixx">
      <Filter>Level\Common</Filter>
    </ClCompile>
    <ClCompile Include="Level_psx.ixx">
      <Filter>Level\PSX</Filter>
    </ClCompile>
    <ClCompile Include="Level\ILevel.cpp">
      <Filter>Level</Filter>
    </ClCompile>
    <ClCompile Include="Level_tr3.ixx">
      <Filter>Level</Filter>
    </ClCompile>
    <ClCompile Include="Level_tr1.ixx">
      <Filter>Level</Filter>
    </ClCompile>
    <ClCompile Include="Pack.ixx" />
    <ClCompile Include="Level_tr2.ixx">
      <Filter>Level</Filter>
    </ClCompile>
    <ClCompile Include="TileMapper.ixx">
      <Filter>Level\Saturn</Filter>
    </ClCompile>
    <ClCompile Include="Decrypter.ixx" />
  </ItemGroup>
  <ItemGroup>
    <Filter Include="Mocks">
      <UniqueIdentifier>{761f107e-00af-4697-ba3e-3653c2e29391}</UniqueIdentifier>
    </Filter>
    <Filter Include="Level">
      <UniqueIdentifier>{5ba6b4bb-ca8e-4bac-baf1-f4c53f93d46c}</UniqueIdentifier>
    </Filter>
    <Filter Include="Level\Common">
      <UniqueIdentifier>{0ba5d9fd-5aed-441b-b6ea-1b88fc4ba73d}</UniqueIdentifier>
    </Filter>
    <Filter Include="Level\PC">
      <UniqueIdentifier>{ee6bacc7-d2bf-422a-a107-e36a1e5f363f}</UniqueIdentifier>
    </Filter>
    <Filter Include="Level\PSX">
      <UniqueIdentifier>{f6d40800-10c2-4705-bf39-6f8199b80136}</UniqueIdentifier>
    </Filter>
    <Filter Include="Level\DC">
      <UniqueIdentifier>{a4536cf3-974f-4808-b64e-0c71cf1525c6}</UniqueIdentifier>
    </Filter>
    <Filter Include="Level\Saturn">
      <UniqueIdentifier>{f3bd2226-96df-41e2-9106-bbe39842fc76}</UniqueIdentifier>
    </Filter>
  </ItemGroup>
  <ItemGroup>
    <None Include="trtypes.inl" />
    <None Include="Level_common.inl" Filter="Level\Common" />
  </ItemGroup>
</Project>