<?xml version="1.0" encoding="utf-8"?>
<Project ToolsVersion="4.0" xmlns="http://schemas.microsoft.com/developer/msbuild/2003">
  <ItemGroup>
    <ClCompile Include="TimerTests.cpp" />
    <ClCompile Include="EventTests.cpp" />
    <ClCompile Include="Main.cpp" />
    <ClCompile Include="AlgorithmsTests.cpp" />
    <ClCompile Include="SizeTests.cpp" />
    <ClCompile Include="PointTests.cpp" />
    <ClCompile Include="ColourTests.cpp" />
    <ClCompile Include="stdafx.cpp" />
    <ClCompile Include="Logs\LogTests.cpp" Filter="Logs" />
  </ItemGroup>
  <ItemGroup>
    <ClInclude Include="stdafx.h" />
  </ItemGroup>
  <ItemGroup>
    <Filter Include="Logs">
      <UniqueIdentifier>{8d233b1f-9428-4100-a22c-652cdde937c2}</UniqueIdentifier>
    </Filter>
  </ItemGroup>
</Project>