<?xml version="1.0" encoding="utf-8"?>
<Project ToolsVersion="4.0" xmlns="http://schemas.microsoft.com/developer/msbuild/2003">
  <ItemGroup>
    <ClCompile Include="Camera\Camera.cpp">
      <Filter>Camera</Filter>
    </ClCompile>
    <ClCompile Include="Camera\CameraMode.cpp">
      <Filter>Camera</Filter>
    </ClCompile>
    <ClCompile Include="Camera\FreeCamera.cpp">
      <Filter>Camera</Filter>
    </ClCompile>
    <ClCompile Include="Camera\ICamera.cpp">
      <Filter>Camera</Filter>
    </ClCompile>
    <ClCompile Include="Camera\OrbitCamera.cpp">
      <Filter>Camera</Filter>
    </ClCompile>
    <ClCompile Include="Geometry\IRenderable.cpp">
      <Filter>Geometry</Filter>
    </ClCompile>
    <ClCompile Include="Geometry\Mesh.cpp">
      <Filter>Geometry</Filter>
    </ClCompile>
    <ClCompile Include="Geometry\TransparentTriangle.cpp">
      <Filter>Geometry</Filter>
    </ClCompile>
    <ClCompile Include="Geometry\TransparencyBuffer.cpp">
      <Filter>Geometry</Filter>
    </ClCompile>
    <ClCompile Include="UI\CameraControls.cpp">
      <Filter>UI</Filter>
    </ClCompile>
    <ClCompile Include="UI\GoTo.cpp">
      <Filter>UI</Filter>
    </ClCompile>
    <ClCompile Include="UI\LevelInfo.cpp">
      <Filter>UI</Filter>
    </ClCompile>
    <ClCompile Include="UI\RoomNavigator.cpp">
      <Filter>UI</Filter>
    </ClCompile>
    <ClCompile Include="UI\SettingsWindow.cpp">
      <Filter>UI</Filter>
    </ClCompile>
    <ClCompile Include="UI\ViewerUI.cpp">
      <Filter>UI</Filter>
    </ClCompile>
    <ClCompile Include="UI\CameraPosition.cpp">
      <Filter>UI</Filter>
    </ClCompile>
    <ClCompile Include="Windows\CollapsiblePanel.cpp">
      <Filter>Windows</Filter>
    </ClCompile>
    <ClCompile Include="Windows\ItemsWindow.cpp">
      <Filter>Windows</Filter>
    </ClCompile>
    <ClCompile Include="Windows\ItemsWindowManager.cpp">
      <Filter>Windows</Filter>
    </ClCompile>
    <ClCompile Include="Windows\RouteWindow.cpp">
      <Filter>Windows</Filter>
    </ClCompile>
    <ClCompile Include="Windows\RouteWindowManager.cpp">
      <Filter>Windows</Filter>
    </ClCompile>
    <ClCompile Include="Windows\TriggersWindow.cpp">
      <Filter>Windows</Filter>
    </ClCompile>
    <ClCompile Include="Windows\TriggersWindowManager.cpp">
      <Filter>Windows</Filter>
    </ClCompile>
    <ClCompile Include="Tools\Compass.cpp">
      <Filter>Tools</Filter>
    </ClCompile>
    <ClCompile Include="Tools\Measure.cpp">
      <Filter>Tools</Filter>
    </ClCompile>
    <ClCompile Include="Tools\Toolbar.cpp">
      <Filter>Tools</Filter>
    </ClCompile>
    <ClCompile Include="UI\ContextMenu.cpp">
      <Filter>UI</Filter>
    </ClCompile>
    <ClCompile Include="Menus\DirectoryListing.cpp">
      <Filter>Menus</Filter>
    </ClCompile>
    <ClCompile Include="Menus\FileDropper.cpp">
      <Filter>Menus</Filter>
    </ClCompile>
    <ClCompile Include="Menus\LevelSwitcher.cpp">
      <Filter>Menus</Filter>
    </ClCompile>
    <ClCompile Include="Menus\RecentFiles.cpp">
      <Filter>Menus</Filter>
    </ClCompile>
    <ClCompile Include="Menus\ViewMenu.cpp">
      <Filter>Menus</Filter>
    </ClCompile>
    <ClCompile Include="Windows\WindowResizer.cpp">
      <Filter>Windows</Filter>
    </ClCompile>
    <ClCompile Include="Elements\Item.cpp">
      <Filter>Elements</Filter>
    </ClCompile>
    <ClCompile Include="Elements\Sector.cpp">
      <Filter>Elements</Filter>
    </ClCompile>
    <ClCompile Include="Elements\Trigger.cpp">
      <Filter>Elements</Filter>
    </ClCompile>
    <ClCompile Include="Geometry\Picking.cpp">
      <Filter>Geometry</Filter>
    </ClCompile>
    <ClCompile Include="Geometry\PickResult.cpp">
      <Filter>Geometry</Filter>
    </ClCompile>
    <ClCompile Include="Graphics\ILevelTextureStorage.cpp">
      <Filter>Graphics</Filter>
    </ClCompile>
    <ClCompile Include="Graphics\ITextureStorage.cpp">
      <Filter>Graphics</Filter>
    </ClCompile>
    <ClCompile Include="Graphics\SectorHighlight.cpp">
      <Filter>Graphics</Filter>
    </ClCompile>
    <ClCompile Include="Graphics\SelectionRenderer.cpp">
      <Filter>Graphics</Filter>
    </ClCompile>
    <ClCompile Include="Routing\Route.cpp">
      <Filter>Routing</Filter>
    </ClCompile>
    <ClCompile Include="Routing\Waypoint.cpp">
      <Filter>Routing</Filter>
    </ClCompile>
    <ClCompile Include="Settings\UserSettings.cpp">
      <Filter>Settings</Filter>
    </ClCompile>
    <ClCompile Include="Menus\AlternateGroupToggler.cpp">
      <Filter>Menus</Filter>
    </ClCompile>
    <ClCompile Include="UI\Tooltip.cpp">
      <Filter>UI</Filter>
    </ClCompile>
    <ClCompile Include="UI\ViewOptions.cpp">
      <Filter>UI</Filter>
    </ClCompile>
    <ClCompile Include="Menus\UpdateChecker.cpp">
      <Filter>Menus</Filter>
    </ClCompile>
    <ClCompile Include="Camera\CameraInput.cpp">
      <Filter>Camera</Filter>
    </ClCompile>
    <ClCompile Include="Graphics\LevelTextureStorage.cpp">
      <Filter>Graphics</Filter>
    </ClCompile>
    <ClCompile Include="Graphics\TextureStorage.cpp">
      <Filter>Graphics</Filter>
    </ClCompile>
    <ClCompile Include="Elements\Level.cpp">
      <Filter>Elements</Filter>
    </ClCompile>
    <ClCompile Include="Elements\Entity.cpp">
      <Filter>Elements</Filter>
    </ClCompile>
    <ClCompile Include="Elements\Room.cpp">
      <Filter>Elements</Filter>
    </ClCompile>
    <ClCompile Include="Elements\StaticMesh.cpp">
      <Filter>Elements</Filter>
    </ClCompile>
    <ClCompile Include="Graphics\IMeshStorage.cpp">
      <Filter>Graphics</Filter>
    </ClCompile>
    <ClCompile Include="Graphics\MeshStorage.cpp">
      <Filter>Graphics</Filter>
    </ClCompile>
    <ClCompile Include="Elements\TypeNameLookup.cpp">
      <Filter>Elements</Filter>
    </ClCompile>
    <ClCompile Include="Elements\ITypeNameLookup.cpp">
      <Filter>Elements</Filter>
    </ClCompile>
    <ClCompile Include="Menus\MenuDetector.cpp">
      <Filter>Menus</Filter>
    </ClCompile>
    <ClCompile Include="Windows\RoomsWindow.cpp">
      <Filter>Windows</Filter>
    </ClCompile>
    <ClCompile Include="Windows\RoomsWindowManager.cpp">
      <Filter>Windows</Filter>
    </ClCompile>
    <ClCompile Include="UI\Console.cpp">
      <Filter>UI</Filter>
    </ClCompile>
    <ClCompile Include="Lua\Lua.cpp">
      <Filter>Lua</Filter>
    </ClCompile>
    <ClCompile Include="stdafx.cpp" />
    <ClCompile Include="Windows\Viewer.cpp">
      <Filter>Windows</Filter>
    </ClCompile>
    <ClCompile Include="Windows\ViewerLuaRegistry.cpp">
      <Filter>Windows</Filter>
    </ClCompile>
    <ClCompile Include="Resources\DefaultFonts.cpp">
      <Filter>Resources</Filter>
    </ClCompile>
    <ClCompile Include="Resources\DefaultShaders.cpp">
      <Filter>Resources</Filter>
    </ClCompile>
    <ClCompile Include="Resources\DefaultTextures.cpp">
      <Filter>Resources</Filter>
    </ClCompile>
    <ClCompile Include="Resources\ResourceHelper.cpp">
      <Filter>Resources</Filter>
    </ClCompile>
    <ClCompile Include="Application.cpp" />
    <ClCompile Include="ApplicationLuaRegistry.cpp" />
    <ClCompile Include="UI\IViewerUI.cpp">
      <Filter>UI</Filter>
    </ClCompile>
    <ClCompile Include="Elements\ILevel.cpp">
      <Filter>Elements</Filter>
    </ClCompile>
    <ClCompile Include="Geometry\IPicking.cpp">
      <Filter>Geometry</Filter>
    </ClCompile>
    <ClCompile Include="Menus\IUpdateChecker.cpp">
      <Filter>Menus</Filter>
    </ClCompile>
  </ItemGroup>
  <ItemGroup>
    <ClInclude Include="Camera\Camera.h">
      <Filter>Camera</Filter>
    </ClInclude>
    <ClInclude Include="Camera\CameraMode.h">
      <Filter>Camera</Filter>
    </ClInclude>
    <ClInclude Include="Camera\FreeCamera.h">
      <Filter>Camera</Filter>
    </ClInclude>
    <ClInclude Include="Camera\ICamera.h">
      <Filter>Camera</Filter>
    </ClInclude>
    <ClInclude Include="Camera\OrbitCamera.h">
      <Filter>Camera</Filter>
    </ClInclude>
    <ClInclude Include="Geometry\IRenderable.h">
      <Filter>Geometry</Filter>
    </ClInclude>
    <ClInclude Include="Geometry\Mesh.h">
      <Filter>Geometry</Filter>
    </ClInclude>
    <ClInclude Include="Geometry\MeshVertex.h">
      <Filter>Geometry</Filter>
    </ClInclude>
    <ClInclude Include="Geometry\TransparentTriangle.h">
      <Filter>Geometry</Filter>
    </ClInclude>
    <ClInclude Include="Geometry\Triangle.h">
      <Filter>Geometry</Filter>
    </ClInclude>
    <ClInclude Include="Geometry\TransparencyBuffer.h">
      <Filter>Geometry</Filter>
    </ClInclude>
    <ClInclude Include="UI\CameraControls.h">
      <Filter>UI</Filter>
    </ClInclude>
    <ClInclude Include="UI\GoTo.h">
      <Filter>UI</Filter>
    </ClInclude>
    <ClInclude Include="UI\LevelInfo.h">
      <Filter>UI</Filter>
    </ClInclude>
    <ClInclude Include="UI\RoomNavigator.h">
      <Filter>UI</Filter>
    </ClInclude>
    <ClInclude Include="UI\SettingsWindow.h">
      <Filter>UI</Filter>
    </ClInclude>
    <ClInclude Include="UI\ViewerUI.h">
      <Filter>UI</Filter>
    </ClInclude>
    <ClInclude Include="UI\CameraPosition.h">
      <Filter>UI</Filter>
    </ClInclude>
    <ClInclude Include="Windows\CollapsiblePanel.h">
      <Filter>Windows</Filter>
    </ClInclude>
    <ClInclude Include="Windows\ItemsWindow.h">
      <Filter>Windows</Filter>
    </ClInclude>
    <ClInclude Include="Windows\ItemsWindowManager.h">
      <Filter>Windows</Filter>
    </ClInclude>
    <ClInclude Include="Windows\RouteWindow.h">
      <Filter>Windows</Filter>
    </ClInclude>
    <ClInclude Include="Windows\RouteWindowManager.h">
      <Filter>Windows</Filter>
    </ClInclude>
    <ClInclude Include="Windows\TriggersWindow.h">
      <Filter>Windows</Filter>
    </ClInclude>
    <ClInclude Include="Windows\TriggersWindowManager.h">
      <Filter>Windows</Filter>
    </ClInclude>
    <ClInclude Include="Tools\Compass.h">
      <Filter>Tools</Filter>
    </ClInclude>
    <ClInclude Include="Tools\Measure.h">
      <Filter>Tools</Filter>
    </ClInclude>
    <ClInclude Include="Tools\Toolbar.h">
      <Filter>Tools</Filter>
    </ClInclude>
    <ClInclude Include="UI\ContextMenu.h">
      <Filter>UI</Filter>
    </ClInclude>
    <ClInclude Include="Menus\DirectoryListing.h">
      <Filter>Menus</Filter>
    </ClInclude>
    <ClInclude Include="Menus\FileDropper.h">
      <Filter>Menus</Filter>
    </ClInclude>
    <ClInclude Include="Menus\LevelSwitcher.h">
      <Filter>Menus</Filter>
    </ClInclude>
    <ClInclude Include="Menus\RecentFiles.h">
      <Filter>Menus</Filter>
    </ClInclude>
    <ClInclude Include="Menus\ViewMenu.h">
      <Filter>Menus</Filter>
    </ClInclude>
    <ClInclude Include="Windows\WindowIDs.h">
      <Filter>Windows</Filter>
    </ClInclude>
    <ClInclude Include="Windows\WindowResizer.h">
      <Filter>Windows</Filter>
    </ClInclude>
    <ClInclude Include="Elements\RoomInfo.h">
      <Filter>Elements</Filter>
    </ClInclude>
    <ClInclude Include="Elements\Item.h">
      <Filter>Elements</Filter>
    </ClInclude>
    <ClInclude Include="Elements\Sector.h">
      <Filter>Elements</Filter>
    </ClInclude>
    <ClInclude Include="Elements\Trigger.h">
      <Filter>Elements</Filter>
    </ClInclude>
    <ClInclude Include="Elements\Types.h">
      <Filter>Elements</Filter>
    </ClInclude>
    <ClInclude Include="Geometry\PickInfo.h">
      <Filter>Geometry</Filter>
    </ClInclude>
    <ClInclude Include="Geometry\Picking.h">
      <Filter>Geometry</Filter>
    </ClInclude>
    <ClInclude Include="Geometry\PickResult.h">
      <Filter>Geometry</Filter>
    </ClInclude>
    <ClInclude Include="Graphics\ILevelTextureStorage.h">
      <Filter>Graphics</Filter>
    </ClInclude>
    <ClInclude Include="Graphics\ITextureStorage.h">
      <Filter>Graphics</Filter>
    </ClInclude>
    <ClInclude Include="Graphics\SectorHighlight.h">
      <Filter>Graphics</Filter>
    </ClInclude>
    <ClInclude Include="Graphics\SelectionRenderer.h">
      <Filter>Graphics</Filter>
    </ClInclude>
    <ClInclude Include="Routing\Route.h">
      <Filter>Routing</Filter>
    </ClInclude>
    <ClInclude Include="Routing\Waypoint.h">
      <Filter>Routing</Filter>
    </ClInclude>
    <ClInclude Include="Settings\UserSettings.h">
      <Filter>Settings</Filter>
    </ClInclude>
    <ClInclude Include="Menus\AlternateGroupToggler.h">
      <Filter>Menus</Filter>
    </ClInclude>
    <ClInclude Include="UI\Tooltip.h">
      <Filter>UI</Filter>
    </ClInclude>
    <ClInclude Include="UI\ViewOptions.h">
      <Filter>UI</Filter>
    </ClInclude>
    <ClInclude Include="Menus\UpdateChecker.h">
      <Filter>Menus</Filter>
    </ClInclude>
    <ClInclude Include="Camera\CameraInput.h">
      <Filter>Camera</Filter>
    </ClInclude>
    <ClInclude Include="Graphics\LevelTextureStorage.h">
      <Filter>Graphics</Filter>
    </ClInclude>
    <ClInclude Include="Graphics\TextureStorage.h">
      <Filter>Graphics</Filter>
    </ClInclude>
    <ClInclude Include="Elements\Level.h">
      <Filter>Elements</Filter>
    </ClInclude>
    <ClInclude Include="Elements\Entity.h">
      <Filter>Elements</Filter>
    </ClInclude>
    <ClInclude Include="Elements\Room.h">
      <Filter>Elements</Filter>
    </ClInclude>
    <ClInclude Include="Elements\StaticMesh.h">
      <Filter>Elements</Filter>
    </ClInclude>
    <ClInclude Include="Graphics\IMeshStorage.h">
      <Filter>Graphics</Filter>
    </ClInclude>
    <ClInclude Include="Graphics\MeshStorage.h">
      <Filter>Graphics</Filter>
    </ClInclude>
    <ClInclude Include="Elements\TypeNameLookup.h">
      <Filter>Elements</Filter>
    </ClInclude>
    <ClInclude Include="Elements\ITypeNameLookup.h">
      <Filter>Elements</Filter>
    </ClInclude>
    <ClInclude Include="Menus\MenuDetector.h">
      <Filter>Menus</Filter>
    </ClInclude>
    <ClInclude Include="Camera\ProjectionMode.h">
      <Filter>Camera</Filter>
    </ClInclude>
    <ClInclude Include="Windows\RoomsWindow.h">
      <Filter>Windows</Filter>
    </ClInclude>
    <ClInclude Include="Windows\RoomsWindowManager.h">
      <Filter>Windows</Filter>
    </ClInclude>
    <ClInclude Include="UI\Console.h">
      <Filter>UI</Filter>
    </ClInclude>
    <ClInclude Include="Lua\Lua.h">
      <Filter>Lua</Filter>
    </ClInclude>
    <ClInclude Include="stdafx.h" />
    <ClInclude Include="Windows\Viewer.h">
      <Filter>Windows</Filter>
    </ClInclude>
    <ClInclude Include="Resources\resource.h">
      <Filter>Resources</Filter>
    </ClInclude>
    <ClInclude Include="Resources\DefaultFonts.h">
      <Filter>Resources</Filter>
    </ClInclude>
    <ClInclude Include="Resources\DefaultShaders.h">
      <Filter>Resources</Filter>
    </ClInclude>
    <ClInclude Include="Resources\DefaultTextures.h">
      <Filter>Resources</Filter>
    </ClInclude>
    <ClInclude Include="Resources\ResourceHelper.h">
      <Filter>Resources</Filter>
    </ClInclude>
    <ClInclude Include="Resources\targetver.h">
      <Filter>Resources</Filter>
    </ClInclude>
    <ClInclude Include="Application.h" />
    <ClInclude Include="Mocks\Elements\ILevel.h">
      <Filter>Mocks\Elements</Filter>
    </ClInclude>
    <ClInclude Include="Mocks\UI\IViewerUI.h">
      <Filter>Mocks\UI</Filter>
    </ClInclude>
    <ClInclude Include="UI\IViewerUI.h" />
    <ClInclude Include="Elements\ILevel.h">
      <Filter>Elements</Filter>
    </ClInclude>
    <ClInclude Include="Geometry\IPicking.h">
      <Filter>Geometry</Filter>
    </ClInclude>
    <ClInclude Include="Mocks\Geometry\IPicking.h">
      <Filter>Mocks\Geometry</Filter>
    </ClInclude>
    <ClInclude Include="Menus\IUpdateChecker.h">
      <Filter>Menus</Filter>
    </ClInclude>
    <ClInclude Include="Mocks\Menus\IUpdateChecker.h">
      <Filter>Mocks\Menus</Filter>
    </ClInclude>
  </ItemGroup>
  <ItemGroup>
    <Filter Include="Windows">
      <UniqueIdentifier>{6c308ddd-f5fb-42e0-bc70-b07f3a0c1f1a}</UniqueIdentifier>
    </Filter>
    <Filter Include="Geometry">
      <UniqueIdentifier>{7b41da32-5b52-4a13-a345-eb254e49683d}</UniqueIdentifier>
    </Filter>
    <Filter Include="Tools">
      <UniqueIdentifier>{05ae82b5-00cf-4f47-b88f-e3cba6e9928f}</UniqueIdentifier>
    </Filter>
    <Filter Include="Camera">
      <UniqueIdentifier>{d691a642-d434-42b6-b4d8-8fde59fea2af}</UniqueIdentifier>
    </Filter>
    <Filter Include="UI">
      <UniqueIdentifier>{e074444e-1361-4197-9e44-fa59827efd8a}</UniqueIdentifier>
    </Filter>
    <Filter Include="Menus">
      <UniqueIdentifier>{a87c6567-3a2e-42c4-bb55-c03b7670822b}</UniqueIdentifier>
    </Filter>
    <Filter Include="Elements">
      <UniqueIdentifier>{7bf173fa-6035-4b14-96a3-844c16eb224c}</UniqueIdentifier>
    </Filter>
    <Filter Include="Graphics">
      <UniqueIdentifier>{3e3d8ae6-5683-4ac2-9989-10536004f690}</UniqueIdentifier>
    </Filter>
    <Filter Include="Routing">
      <UniqueIdentifier>{5ba48dd0-035c-4e1e-9bc1-39ee3cd175b2}</UniqueIdentifier>
    </Filter>
    <Filter Include="Settings">
      <UniqueIdentifier>{174a7bd1-ab5d-446d-8632-f99a01c87815}</UniqueIdentifier>
    </Filter>
    <Filter Include="Lua">
      <UniqueIdentifier>{8fe99dfb-e6c8-4786-8bfa-952a19ea124a}</UniqueIdentifier>
    </Filter>
    <Filter Include="Resources">
      <UniqueIdentifier>{021610f0-b987-420f-bf87-6cfc739390a7}</UniqueIdentifier>
    </Filter>
    <Filter Include="Resources\Files">
      <UniqueIdentifier>{49faf3bb-6ba0-4d4a-ad01-5d2d70ab5bee}</UniqueIdentifier>
    </Filter>
    <Filter Include="Resources\Generated">
      <UniqueIdentifier>{15b63c6f-69e1-4682-bd97-031bcda2ff23}</UniqueIdentifier>
    </Filter>
    <Filter Include="Mocks">
      <UniqueIdentifier>{f887ffc9-ee5c-4f06-9adc-d94261ba3661}</UniqueIdentifier>
    </Filter>
    <Filter Include="Mocks\UI">
      <UniqueIdentifier>{8cde831c-542d-4e6d-a6fe-fb6ad01b04e4}</UniqueIdentifier>
    </Filter>
    <Filter Include="Mocks\Elements">
      <UniqueIdentifier>{6f82e7bf-faf0-481f-983b-b1a62e5e1a2a}</UniqueIdentifier>
    </Filter>
    <Filter Include="Mocks\Geometry">
      <UniqueIdentifier>{d319b605-c8f4-48a2-9c7c-989ed77730a2}</UniqueIdentifier>
    </Filter>
    <Filter Include="Mocks\Menus">
      <UniqueIdentifier>{46297bfe-0f61-4ad3-9380-7bb4c429fe95}</UniqueIdentifier>
    </Filter>
  </ItemGroup>
  <ItemGroup>
    <Image Include="Resources\Files\numericdown.png">
      <Filter>Resources\Files</Filter>
    </Image>
    <Image Include="Resources\Files\numericup.png">
      <Filter>Resources\Files</Filter>
    </Image>
    <Image Include="Resources\Files\settings.png">
      <Filter>Resources\Files</Filter>
    </Image>
    <Image Include="Resources\Files\tomb1.png">
      <Filter>Resources\Files</Filter>
    </Image>
    <Image Include="small.ico">
      <Filter>Resources\Files</Filter>
    </Image>
    <Image Include="Resources\Files\tomb3.png">
      <Filter>Resources\Files</Filter>
    </Image>
    <Image Include="Resources\Files\tomb2.png">
      <Filter>Resources\Files</Filter>
    </Image>
    <Image Include="Resources\Files\tomb5.png">
      <Filter>Resources\Files</Filter>
    </Image>
    <Image Include="trview.ico">
      <Filter>Resources\Files</Filter>
    </Image>
    <Image Include="Resources\Files\tomb4.png">
      <Filter>Resources\Files</Filter>
    </Image>
    <Image Include="Resources\Files\unknown.png">
      <Filter>Resources\Files</Filter>
    </Image>
    <Image Include="Resources\Files\trview.ico" />
    <Image Include="Resources\Files\small.ico" />
  </ItemGroup>
  <ItemGroup>
    <None Include="Resources\Generated\level_pixel_shader.cso">
      <Filter>Resources\Generated</Filter>
    </None>
    <None Include="Resources\Generated\level_vertex_shader.cso">
      <Filter>Resources\Generated</Filter>
    </None>
    <None Include="Resources\Generated\selection_pixel_shader.cso">
      <Filter>Resources\Generated</Filter>
    </None>
    <None Include="Resources\Generated\ui_pixel_shader.cso">
      <Filter>Resources\Generated</Filter>
    </None>
    <None Include="Resources\Generated\ui_vertex_shader.cso">
      <Filter>Resources\Generated</Filter>
    </None>
    <None Include="Resources\Files\arial8.bin" />
    <None Include="Resources\Files\arial7.bin" />
  </ItemGroup>
  <ItemGroup>
    <ResourceCompile Include="Resources\trview.app.rc">
      <Filter>Resources</Filter>
    </ResourceCompile>
  </ItemGroup>
  <ItemGroup>
    <Text Include="Resources\Files\texturelist.txt">
      <Filter>Resources\Files</Filter>
    </Text>
    <Text Include="Resources\Files\type_names.txt">
      <Filter>Resources\Files</Filter>
    </Text>
    <Text Include="Resources\Files\fontlist.txt">
      <Filter>Resources\Files</Filter>
    </Text>
  </ItemGroup>
</Project>