<?xml version="1.0" encoding="utf-8"?>
<Project ToolsVersion="4.0" xmlns="http://schemas.microsoft.com/developer/msbuild/2003">
  <ItemGroup>
    <ClCompile Include="WindowResizer.cpp" />
    <ClCompile Include="RecentFiles.cpp" />
    <ClCompile Include="FileDropper.cpp" />
    <ClCompile Include="ItemsWindow.cpp" />
    <ClCompile Include="Item.cpp" />
    <ClCompile Include="ItemsWindowManager.cpp" />
  </ItemGroup>
  <ItemGroup>
    <ClInclude Include="WindowResizer.h" />
    <ClInclude Include="RecentFiles.h" />
    <ClInclude Include="WindowIDs.h" />
    <ClInclude Include="FileDropper.h" />
    <ClInclude Include="ItemsWindow.h" />
    <ClInclude Include="Item.h" />
    <ClInclude Include="ItemsWindowManager.h" />
  </ItemGroup>
</Project>