<?xml version="1.0" encoding="utf-8"?>
<Project ToolsVersion="4.0" xmlns="http://schemas.microsoft.com/developer/msbuild/2003">
  <ItemGroup>
    <ClCompile Include="WindowResizer.cpp" />
    <ClCompile Include="RecentFiles.cpp" />
    <ClCompile Include="FileDropper.cpp" />
    <ClCompile Include="Item.cpp">
      <Filter>Items</Filter>
    </ClCompile>
    <ClCompile Include="ItemsWindow.cpp">
      <Filter>Items</Filter>
    </ClCompile>
    <ClCompile Include="ItemsWindowManager.cpp">
      <Filter>Items</Filter>
    </ClCompile>
    <ClCompile Include="Trigger.cpp">
      <Filter>Triggers</Filter>
    </ClCompile>
    <ClCompile Include="TriggersWindow.cpp">
      <Filter>Triggers</Filter>
    </ClCompile>
    <ClCompile Include="TriggersWindowManager.cpp">
      <Filter>Triggers</Filter>
    </ClCompile>
    <ClCompile Include="CollapsiblePanel.cpp">
      <Filter>Windows</Filter>
    </ClCompile>
    <ClCompile Include="TransparentTriangle.cpp">
      <Filter>Geometry</Filter>
    </ClCompile>
    <ClCompile Include="Mesh.cpp">
      <Filter>Geometry</Filter>
    </ClCompile>
    <ClCompile Include="ILevelTextureStorage.cpp">
      <Filter>Textures</Filter>
    </ClCompile>
    <ClCompile Include="ITextureStorage.cpp">
      <Filter>Textures</Filter>
    </ClCompile>
    <ClCompile Include="Toolbar.cpp">
      <Filter>Toolbar</Filter>
    </ClCompile>
    <ClCompile Include="Measure.cpp">
      <Filter>Tools</Filter>
    </ClCompile>
    <ClCompile Include="ICamera.cpp">
      <Filter>Camera</Filter>
    </ClCompile>
    <ClCompile Include="Camera.cpp">
      <Filter>Camera</Filter>
    </ClCompile>
    <ClCompile Include="Compass.cpp" />
    <ClCompile Include="FreeCamera.cpp">
      <Filter>Camera</Filter>
    </ClCompile>
    <ClCompile Include="OrbitCamera.cpp">
      <Filter>Camera</Filter>
    </ClCompile>
    <ClCompile Include="AlternateGroupToggler.cpp">
      <Filter>Input</Filter>
    </ClCompile>
    <ClCompile Include="ContextMenu.cpp" />
    <ClCompile Include="PickResult.cpp" />
    <ClCompile Include="Route.cpp">
      <Filter>Route</Filter>
    </ClCompile>
  </ItemGroup>
  <ItemGroup>
    <ClInclude Include="WindowResizer.h" />
    <ClInclude Include="RecentFiles.h" />
    <ClInclude Include="WindowIDs.h" />
    <ClInclude Include="FileDropper.h" />
    <ClInclude Include="Item.h">
      <Filter>Items</Filter>
    </ClInclude>
    <ClInclude Include="ItemsWindow.h">
      <Filter>Items</Filter>
    </ClInclude>
    <ClInclude Include="ItemsWindowManager.h">
      <Filter>Items</Filter>
    </ClInclude>
    <ClInclude Include="Trigger.h">
      <Filter>Triggers</Filter>
    </ClInclude>
    <ClInclude Include="TriggersWindow.h">
      <Filter>Triggers</Filter>
    </ClInclude>
    <ClInclude Include="TriggersWindowManager.h">
      <Filter>Triggers</Filter>
    </ClInclude>
    <ClInclude Include="CollapsiblePanel.h">
      <Filter>Windows</Filter>
    </ClInclude>
    <ClInclude Include="TransparentTriangle.h">
      <Filter>Geometry</Filter>
    </ClInclude>
    <ClInclude Include="PickResult.h" />
    <ClInclude Include="Mesh.h">
      <Filter>Geometry</Filter>
    </ClInclude>
    <ClInclude Include="MeshVertex.h">
      <Filter>Geometry</Filter>
    </ClInclude>
    <ClInclude Include="Triangle.h">
      <Filter>Geometry</Filter>
    </ClInclude>
    <ClInclude Include="ILevelTextureStorage.h">
      <Filter>Textures</Filter>
    </ClInclude>
    <ClInclude Include="ITextureStorage.h">
      <Filter>Textures</Filter>
    </ClInclude>
    <ClInclude Include="Toolbar.h">
      <Filter>Toolbar</Filter>
    </ClInclude>
    <ClInclude Include="Measure.h">
      <Filter>Tools</Filter>
    </ClInclude>
    <ClInclude Include="ICamera.h">
      <Filter>Camera</Filter>
    </ClInclude>
    <ClInclude Include="Camera.h">
      <Filter>Camera</Filter>
    </ClInclude>
    <ClInclude Include="Compass.h" />
    <ClInclude Include="FreeCamera.h">
      <Filter>Camera</Filter>
    </ClInclude>
    <ClInclude Include="OrbitCamera.h">
      <Filter>Camera</Filter>
    </ClInclude>
    <ClInclude Include="AlternateGroupToggler.h">
      <Filter>Input</Filter>
    </ClInclude>
    <ClInclude Include="ContextMenu.h" />
    <ClInclude Include="Route.h">
      <Filter>Route</Filter>
    </ClInclude>
    <ClInclude Include="Waypoint.h">
      <Filter>Route</Filter>
    </ClInclude>
  </ItemGroup>
  <ItemGroup>
    <Filter Include="Items">
      <UniqueIdentifier>{9df8a21c-e6ca-4a3c-a1a2-2522d26ba2a9}</UniqueIdentifier>
    </Filter>
    <Filter Include="Triggers">
      <UniqueIdentifier>{7226702e-a61c-4a0c-b912-71a229863270}</UniqueIdentifier>
    </Filter>
    <Filter Include="Windows">
      <UniqueIdentifier>{6c308ddd-f5fb-42e0-bc70-b07f3a0c1f1a}</UniqueIdentifier>
    </Filter>
    <Filter Include="Geometry">
      <UniqueIdentifier>{7b41da32-5b52-4a13-a345-eb254e49683d}</UniqueIdentifier>
    </Filter>
    <Filter Include="Textures">
      <UniqueIdentifier>{1e077074-1e7e-471c-bb8c-4163fb7d868d}</UniqueIdentifier>
    </Filter>
    <Filter Include="Toolbar">
      <UniqueIdentifier>{bf4d0359-b434-41b1-a3ba-f5400a2b5faa}</UniqueIdentifier>
    </Filter>
    <Filter Include="Tools">
      <UniqueIdentifier>{05ae82b5-00cf-4f47-b88f-e3cba6e9928f}</UniqueIdentifier>
    </Filter>
    <Filter Include="Camera">
      <UniqueIdentifier>{d691a642-d434-42b6-b4d8-8fde59fea2af}</UniqueIdentifier>
    </Filter>
    <Filter Include="Input">
      <UniqueIdentifier>{d7102050-10b8-49dc-bb00-6929c90f8339}</UniqueIdentifier>
    </Filter>
    <Filter Include="Route">
      <UniqueIdentifier>{25d8b57c-1dd7-4694-82d4-d3841fe870d6}</UniqueIdentifier>
    </Filter>
  </ItemGroup>
</Project>