<?xml version="1.0" encoding="utf-8"?>
<Project ToolsVersion="4.0" xmlns="http://schemas.microsoft.com/developer/msbuild/2003">
  <ItemGroup>
    <Filter Include="inc">
      <UniqueIdentifier>{34b2a761-9128-4221-845c-6fb9cca75b1e}</UniqueIdentifier>
    </Filter>
    <Filter Include="src">
      <UniqueIdentifier>{ea9d3c34-8bae-4bde-89e0-2b115958af28}</UniqueIdentifier>
    </Filter>
  </ItemGroup>
  <ItemGroup>
    <ClCompile Include="src\trview.lua.imgui.cpp" Filter="src" />
    <ClCompile Include="src\trview.lua.imgui.input.cpp" Filter="src" />
    <ClCompile Include="inc\trview.lua.imgui.ixx">
      <Filter>inc</Filter>
    </ClCompile>
    <ClCompile Include="src\trview.lua.imgui.input.ixx">
      <Filter>src</Filter>
    </ClCompile>
  </ItemGroup>
</Project>