<?xml version="1.0" encoding="utf-8"?>
<Project ToolsVersion="4.0" xmlns="http://schemas.microsoft.com/developer/msbuild/2003">
  <ItemGroup>
    <Filter Include="inc">
      <UniqueIdentifier>{34b2a761-9128-4221-845c-6fb9cca75b1e}</UniqueIdentifier>
    </Filter>
    <Filter Include="src">
      <UniqueIdentifier>{ea9d3c34-8bae-4bde-89e0-2b115958af28}</UniqueIdentifier>
    </Filter>
  </ItemGroup>
  <ItemGroup>
    <ClInclude Include="inc\trview.lua.imgui.h" Filter="inc" />
    <ClInclude Include="src\framework.h" Filter="src" />
    <ClInclude Include="src\pch.h" Filter="src" />
    <ClInclude Include="src\trview.lua.imgui.input.h" Filter="src" />
    <ClInclude Include="src\tables.h" Filter="src" />
  </ItemGroup>
  <ItemGroup>
    <ClCompile Include="src\pch.cpp" Filter="src" />
    <ClCompile Include="src\trview.lua.imgui.cpp" Filter="src" />
    <ClCompile Include="src\trview.lua.imgui.input.cpp" Filter="src" />
    <ClCompile Include="src\tables.cpp" Filter="src" />
  </ItemGroup>
</Project>