<?xml version="1.0" encoding="utf-8"?>
<Project ToolsVersion="4.0" xmlns="http://schemas.microsoft.com/developer/msbuild/2003">
  <ItemGroup>
    <ClInclude Include="Size.h" />
    <ClInclude Include="Timer.h" />
    <ClInclude Include="Window.h" />
    <ClInclude Include="Point.h" />
    <ClInclude Include="Colour.h" />
    <ClInclude Include="MessageHandler.h" Filter="Windows" />
    <ClInclude Include="Event.h" Filter="Events" />
    <ClInclude Include="TokenStore.h" Filter="Events" />
    <ClInclude Include="Strings.h" />
    <ClInclude Include="Windows\Clipboard.h" Filter="Windows" />
    <ClInclude Include="Windows\Shortcuts.h" Filter="Windows" />
    <ClInclude Include="stdafx.h" />
    <ClInclude Include="Maths.h" />
    <ClInclude Include="Algorithms.h" />
    <ClInclude Include="Algorithms.hpp" />
    <ClInclude Include="Mocks\Windows\IShortcuts.h" Filter="Mocks\Windows" />
    <ClInclude Include="Windows\IShortcuts.h" Filter="Windows" />
    <ClInclude Include="Windows\IClipboard.h" Filter="Windows" />
    <ClInclude Include="Mocks\Windows\IClipboard.h" Filter="Mocks\Windows" />
    <ClInclude Include="Json.h" />
    <ClInclude Include="Json.hpp" />
    <ClInclude Include="Windows\IDialogs.h" Filter="Windows" />
    <ClInclude Include="Windows\Dialogs.h" Filter="Windows" />
    <ClInclude Include="Mocks\Windows\IDialogs.h" Filter="Mocks\Windows" />
    <ClInclude Include="IFiles.h" />
    <ClInclude Include="Files.h" />
    <ClInclude Include="Mocks\IFiles.h" Filter="Mocks" />
    <ClInclude Include="Resources.h" />
    <ClInclude Include="JsonSerializers.h" />
    <ClInclude Include="Windows\IShell.h" Filter="Windows" />
    <ClInclude Include="Windows\Shell.h" Filter="Windows" />
    <ClInclude Include="Mocks\Windows\IShell.h" Filter="Mocks\Windows" />
    <ClInclude Include="Logs\ILog.h" Filter="Logs" />
    <ClInclude Include="Logs\Log.h" Filter="Logs" />
    <ClInclude Include="Mocks\Logs\ILog.h" Filter="Mocks\Logs" />
    <ClInclude Include="Logs\Activity.h" Filter="Logs" />
    <ClInclude Include="Logs\LogMessage.h" Filter="Logs" />
    <ClInclude Include="Version.h" />
    <ClInclude Include="Version.hpp" />
    <ClInclude Include="Messages\IMessageSystem.h" Filter="Messages" />
    <ClInclude Include="Messages\MessageSystem.h" Filter="Messages" />
    <ClInclude Include="Messages\IRecipient.h" Filter="Messages" />
    <ClInclude Include="Mocks\Messages\IMessageSystem.h" Filter="Messages" />
    <ClInclude Include="Messages\Message.h" Filter="Messages" />
    <ClInclude Include="Mocks\Messages\IRecipient.h" Filter="Mocks\Messages" />
  </ItemGroup>
  <ItemGroup>
    <ClCompile Include="Size.cpp" />
    <ClCompile Include="Timer.cpp" />
    <ClCompile Include="Window.cpp" />
    <ClCompile Include="Point.cpp" />
    <ClCompile Include="Colour.cpp" />
    <ClCompile Include="MessageHandler.cpp" Filter="Windows" />
    <ClCompile Include="EventToken.cpp" Filter="Events" />
    <ClCompile Include="TokenStore.cpp" Filter="Events" />
    <ClCompile Include="Strings.cpp" />
    <ClCompile Include="Windows\Clipboard.cpp" Filter="Windows" />
    <ClCompile Include="Windows\Shortcuts.cpp" Filter="Windows" />
    <ClCompile Include="stdafx.cpp" />
    <ClCompile Include="Windows\Dialogs.cpp" Filter="Windows" />
    <ClCompile Include="Files.cpp" />
    <ClCompile Include="Resources.cpp" />
    <ClCompile Include="JsonSerializers.cpp" />
    <ClCompile Include="Windows\Shell.cpp" Filter="Windows" />
    <ClCompile Include="Logs\Log.cpp" Filter="Logs" />
    <ClCompile Include="Logs\Activity.cpp" Filter="Logs" />
    <ClCompile Include="Mocks\Mocks.cpp" Filter="Mocks" />
    <ClCompile Include="Messages\MessageSystem.cpp" Filter="Messages" />
  </ItemGroup>
  <ItemGroup>
    <Filter Include="Windows">
      <UniqueIdentifier>{c0670590-a23a-4748-953c-f3f13b06cf2d}</UniqueIdentifier>
    </Filter>
    <Filter Include="Events">
      <UniqueIdentifier>{f9a72a9b-c9a0-4dcb-af51-1009cd50dec1}</UniqueIdentifier>
    </Filter>
    <Filter Include="Mocks">
      <UniqueIdentifier>{7717a068-ac6a-4646-abf0-f28738da18c4}</UniqueIdentifier>
    </Filter>
    <Filter Include="Mocks\Windows">
      <UniqueIdentifier>{c6b999cb-3cb8-4d5b-9141-a00ea66d75e0}</UniqueIdentifier>
    </Filter>
    <Filter Include="Logs">
      <UniqueIdentifier>{e95a3df2-65ae-41ed-bedd-ae6536acac3b}</UniqueIdentifier>
    </Filter>
    <Filter Include="Mocks\Logs">
      <UniqueIdentifier>{122ceb97-bded-427e-90dc-a18a8941f0b2}</UniqueIdentifier>
    </Filter>
    <Filter Include="Messages">
      <UniqueIdentifier>{e1fa69da-ada5-4603-9d34-54ceffaa4d58}</UniqueIdentifier>
    </Filter>
    <Filter Include="Mocks\Messages">
      <UniqueIdentifier>{8031554f-07de-4d09-be35-91e0ea191b50}</UniqueIdentifier>
    </Filter>
  </ItemGroup>
  <ItemGroup>
    <None Include="Event.inl" Filter="Events" />
    <None Include="Strings.inl" />
  </ItemGroup>
</Project>