<?xml version="1.0" encoding="utf-8"?>
<Project ToolsVersion="4.0" xmlns="http://schemas.microsoft.com/developer/msbuild/2003">
  <ItemGroup>
    <ClInclude Include="Size.h" />
    <ClInclude Include="Timer.h" />
    <ClInclude Include="Window.h" />
    <ClInclude Include="Point.h" />
    <ClInclude Include="Colour.h" />
    <ClInclude Include="MessageHandler.h">
      <Filter>Windows</Filter>
    </ClInclude>
    <ClInclude Include="Event.h">
      <Filter>Events</Filter>
    </ClInclude>
    <ClInclude Include="TokenStore.h">
      <Filter>Events</Filter>
    </ClInclude>
    <ClInclude Include="Strings.h" />
    <ClInclude Include="Windows\Clipboard.h">
      <Filter>Windows</Filter>
    </ClInclude>
    <ClInclude Include="Windows\Shortcuts.h">
      <Filter>Windows</Filter>
    </ClInclude>
    <ClInclude Include="stdafx.h" />
    <ClInclude Include="Maths.h" />
    <ClInclude Include="Algorithms.h" />
    <ClInclude Include="Algorithms.hpp" />
    <ClInclude Include="Mocks\Windows\IShortcuts.h">
      <Filter>Mocks\Windows</Filter>
    </ClInclude>
    <ClInclude Include="Windows\IShortcuts.h">
      <Filter>Windows</Filter>
    </ClInclude>
    <ClInclude Include="Windows\IClipboard.h">
      <Filter>Windows</Filter>
    </ClInclude>
    <ClInclude Include="Mocks\Windows\IClipboard.h">
      <Filter>Mocks\Windows</Filter>
    </ClInclude>
    <ClInclude Include="Json.h" />
    <ClInclude Include="Json.hpp" />
    <ClInclude Include="Windows\IDialogs.h">
      <Filter>Windows</Filter>
    </ClInclude>
    <ClInclude Include="Windows\Dialogs.h">
      <Filter>Windows</Filter>
    </ClInclude>
    <ClInclude Include="Mocks\Windows\IDialogs.h">
      <Filter>Mocks\Windows</Filter>
    </ClInclude>
    <ClInclude Include="IFiles.h" />
    <ClInclude Include="Files.h" />
    <ClInclude Include="Mocks\IFiles.h">
      <Filter>Mocks</Filter>
    </ClInclude>
    <ClInclude Include="Resources.h" />
    <ClInclude Include="JsonSerializers.h" />
    <ClInclude Include="Windows\IShell.h">
      <Filter>Windows</Filter>
    </ClInclude>
    <ClInclude Include="Windows\Shell.h">
      <Filter>Windows</Filter>
    </ClInclude>
    <ClInclude Include="Mocks\Windows\IShell.h">
      <Filter>Mocks\Windows</Filter>
    </ClInclude>
    <ClInclude Include="Logs\ILog.h">
      <Filter>Logs</Filter>
    </ClInclude>
    <ClInclude Include="Logs\Log.h">
      <Filter>Logs</Filter>
    </ClInclude>
    <ClInclude Include="Mocks\Logs\ILog.h">
      <Filter>Mocks\Logs</Filter>
    </ClInclude>
  </ItemGroup>
  <ItemGroup>
    <ClCompile Include="Size.cpp" />
    <ClCompile Include="Timer.cpp" />
    <ClCompile Include="Window.cpp" />
    <ClCompile Include="Point.cpp" />
    <ClCompile Include="Colour.cpp" />
    <ClCompile Include="MessageHandler.cpp">
      <Filter>Windows</Filter>
    </ClCompile>
    <ClCompile Include="EventToken.cpp">
      <Filter>Events</Filter>
    </ClCompile>
    <ClCompile Include="TokenStore.cpp">
      <Filter>Events</Filter>
    </ClCompile>
    <ClCompile Include="Strings.cpp" />
    <ClCompile Include="Windows\Clipboard.cpp">
      <Filter>Windows</Filter>
    </ClCompile>
    <ClCompile Include="Windows\Shortcuts.cpp">
      <Filter>Windows</Filter>
    </ClCompile>
    <ClCompile Include="stdafx.cpp" />
    <ClCompile Include="Windows\IShortcuts.cpp">
      <Filter>Windows</Filter>
    </ClCompile>
    <ClCompile Include="Windows\IClipboard.cpp">
      <Filter>Windows</Filter>
    </ClCompile>
    <ClCompile Include="Windows\IDialogs.cpp">
      <Filter>Windows</Filter>
    </ClCompile>
    <ClCompile Include="Windows\Dialogs.cpp">
      <Filter>Windows</Filter>
    </ClCompile>
    <ClCompile Include="Files.cpp" />
    <ClCompile Include="IFiles.cpp" />
    <ClCompile Include="Resources.cpp" />
    <ClCompile Include="JsonSerializers.cpp" />
    <ClCompile Include="Windows\Shell.cpp">
      <Filter>Windows</Filter>
    </ClCompile>
    <ClCompile Include="Windows\IShell.cpp">
      <Filter>Windows</Filter>
    </ClCompile>
    <ClCompile Include="Logs\Log.cpp">
      <Filter>Logs</Filter>
    </ClCompile>
  </ItemGroup>
  <ItemGroup>
    <Filter Include="Windows">
      <UniqueIdentifier>{c0670590-a23a-4748-953c-f3f13b06cf2d}</UniqueIdentifier>
    </Filter>
    <Filter Include="Events">
      <UniqueIdentifier>{f9a72a9b-c9a0-4dcb-af51-1009cd50dec1}</UniqueIdentifier>
    </Filter>
    <Filter Include="Mocks">
      <UniqueIdentifier>{7717a068-ac6a-4646-abf0-f28738da18c4}</UniqueIdentifier>
    </Filter>
    <Filter Include="Mocks\Windows">
      <UniqueIdentifier>{c6b999cb-3cb8-4d5b-9141-a00ea66d75e0}</UniqueIdentifier>
    </Filter>
    <Filter Include="Logs">
      <UniqueIdentifier>{e95a3df2-65ae-41ed-bedd-ae6536acac3b}</UniqueIdentifier>
    </Filter>
    <Filter Include="Mocks\Logs">
      <UniqueIdentifier>{122ceb97-bded-427e-90dc-a18a8941f0b2}</UniqueIdentifier>
    </Filter>
  </ItemGroup>
  <ItemGroup>
    <None Include="Event.inl">
      <Filter>Events</Filter>
    </None>
  </ItemGroup>
</Project>