<?xml version="1.0" encoding="utf-8"?>
<Project ToolsVersion="4.0" xmlns="http://schemas.microsoft.com/developer/msbuild/2003">
  <ItemGroup>
    <ClInclude Include="Renderer.h" />
    <ClInclude Include="WindowNode.h">
      <Filter>Nodes</Filter>
    </ClInclude>
    <ClInclude Include="RenderNode.h">
      <Filter>Nodes</Filter>
    </ClInclude>
    <ClInclude Include="LabelNode.h">
      <Filter>Nodes</Filter>
    </ClInclude>
    <ClInclude Include="ImageNode.h">
      <Filter>Nodes</Filter>
    </ClInclude>
    <ClInclude Include="MapRenderer.h">
      <Filter>Graphics</Filter>
    </ClInclude>
    <ClInclude Include="ButtonNode.h">
      <Filter>Nodes</Filter>
    </ClInclude>
    <ClInclude Include="stdafx.h" />
    <ClInclude Include="IRenderer.h" />
    <ClInclude Include="Mocks\IRenderer.h">
      <Filter>Mocks</Filter>
    </ClInclude>
    <ClInclude Include="IMapRenderer.h">
      <Filter>Graphics</Filter>
    </ClInclude>
    <ClInclude Include="di.h" />
    <ClInclude Include="di.hpp" />
    <ClInclude Include="Mocks\IMapRenderer.h">
      <Filter>Mocks</Filter>
    </ClInclude>
    <ClInclude Include="Resources/resource.h">
      <Filter>Resources</Filter>
    </ClInclude>
    <ClInclude Include="DefaultFonts.h" />
  </ItemGroup>
  <ItemGroup>
    <ClCompile Include="Renderer.cpp" />
    <ClCompile Include="WindowNode.cpp">
      <Filter>Nodes</Filter>
    </ClCompile>
    <ClCompile Include="RenderNode.cpp">
      <Filter>Nodes</Filter>
    </ClCompile>
    <ClCompile Include="LabelNode.cpp">
      <Filter>Nodes</Filter>
    </ClCompile>
    <ClCompile Include="ImageNode.cpp">
      <Filter>Nodes</Filter>
    </ClCompile>
    <ClCompile Include="MapRenderer.cpp">
      <Filter>Graphics</Filter>
    </ClCompile>
    <ClCompile Include="ButtonNode.cpp">
      <Filter>Nodes</Filter>
    </ClCompile>
    <ClCompile Include="stdafx.cpp" />
    <ClCompile Include="IRenderer.cpp" />
    <ClCompile Include="IMapRenderer.cpp">
      <Filter>Graphics</Filter>
    </ClCompile>
    <ClCompile Include="DefaultFonts.cpp" />
  </ItemGroup>
  <ItemGroup>
    <Filter Include="Nodes">
      <UniqueIdentifier>{58873368-7ee2-434d-94c9-81fbc1c828a5}</UniqueIdentifier>
    </Filter>
    <Filter Include="Graphics">
      <UniqueIdentifier>{a4d98d00-a685-475a-b9de-eef4d7fc33bd}</UniqueIdentifier>
    </Filter>
    <Filter Include="Mocks">
      <UniqueIdentifier>{2cbb355f-09d9-4f7c-8390-93f7a04895a4}</UniqueIdentifier>
    </Filter>
    <Filter Include="Resources">
      <UniqueIdentifier>{6395ae0f-b4b5-4ba1-b1cf-ae5177aa86a0}</UniqueIdentifier>
    </Filter>
    <Filter Include="Resources\Files">
      <UniqueIdentifier>{742b67fd-2009-4740-b404-bd5ed7e500c2}</UniqueIdentifier>
    </Filter>
    <Filter Include="Resources\Files\Fonts">
      <UniqueIdentifier>{04629b01-4618-4eb8-bac9-a594257d39d8}</UniqueIdentifier>
    </Filter>
  </ItemGroup>
  <ItemGroup>
    <ResourceCompile Include="Resources/trview.ui.render.rc">
      <Filter>Resources</Filter>
    </ResourceCompile>
  </ItemGroup>
  <ItemGroup>
    <None Include="Resources\Files\Fonts\arial8.bin">
      <Filter>Resources\Files\Fonts</Filter>
    </None>
    <None Include="Resources\Files\Fonts\icons8.bin">
      <Filter>Resources\Files\Fonts</Filter>
    </None>
    <None Include="Resources\Files\Fonts\arial7.bin">
      <Filter>Resources\Files\Fonts</Filter>
    </None>
  </ItemGroup>
  <ItemGroup>
    <Image Include="Resources\Files\Fonts\icons8.bmp">
      <Filter>Resources\Files\Fonts</Filter>
    </Image>
  </ItemGroup>
</Project>