<?xml version="1.0" encoding="utf-8"?>
<Project ToolsVersion="4.0" xmlns="http://schemas.microsoft.com/developer/msbuild/2003">
  <ItemGroup>
    <ClCompile Include="ButtonTests.cpp" />
    <ClCompile Include="CheckboxTests.cpp" />
    <ClCompile Include="GridLayoutTests.cpp" />
    <ClCompile Include="ListboxTests.cpp" />
    <ClCompile Include="Main.cpp" />
    <ClCompile Include="StackLayoutTests.cpp" />
    <ClCompile Include="ImageTests.cpp" />
    <ClCompile Include="SliderTests.cpp" />
    <ClCompile Include="LabelTests.cpp" />
    <ClCompile Include="GroupBoxTests.cpp" />
    <ClCompile Include="NumericUpDownTests.cpp" />
    <ClCompile Include="TextAreaTests.cpp" />
    <ClCompile Include="DropdownTests.cpp" />
    <ClCompile Include="WindowTests.cpp" />
    <ClCompile Include="ScrollbarTests.cpp" />
    <ClCompile Include="ControlTests.cpp" />
    <ClCompile Include="stdafx.cpp" />
  </ItemGroup>
  <ItemGroup>
    <ClInclude Include="stdafx.h" />
  </ItemGroup>
</Project>