<?xml version="1.0" encoding="utf-8"?>
<Project ToolsVersion="4.0" xmlns="http://schemas.microsoft.com/developer/msbuild/2003">
  <ItemGroup>
    <ClCompile Include="src\tables.cpp" Filter="Tables" />
    <ClCompile Include="inc\tables.ixx" Filter="Tables" />
    <ClCompile Include="Tables\tables.cpp" Filter="Tables" />
    <ClCompile Include="Tables\tables.ixx" Filter="Tables" />
    <ClCompile Include="Tables\trview.lua.ixx" />
  </ItemGroup>
  <ItemGroup>
    <Filter Include="Tables">
      <UniqueIdentifier>{38102920-1f3f-407b-9376-485eb4b854f7}</UniqueIdentifier>
    </Filter>
    <Filter Include="Userdata">
      <UniqueIdentifier>{6394aadc-ad26-4c8c-9f61-1dd4afaa1b50}</UniqueIdentifier>
    </Filter>
  </ItemGroup>
  <ItemGroup>
    <None Include="inc\tables.inl">
      <Filter>Tables</Filter>
    </None>
    <None Include="Tables\tables.inl">
      <Filter>Tables</Filter>
    </None>
  </ItemGroup>
</Project>