<?xml version="1.0" encoding="utf-8"?>
<Project ToolsVersion="4.0" xmlns="http://schemas.microsoft.com/developer/msbuild/2003">
  <ItemGroup>
    <ClCompile Include="Tables\tables.cpp" Filter="Tables" />
    <ClCompile Include="Tables\tables.ixx" Filter="Tables" />
    <ClCompile Include="trview.lua.ixx" />
    <ClCompile Include="Userdata\userdata.ixx" Filter="Userdata" />
    <ClCompile Include="Metatables\metatables.ixx" Filter="Metatables" />
    <ClCompile Include="Enums\enums.ixx" Filter="Enums" />
    <ClCompile Include="Lists\lists.ixx" Filter="Lists" />
  </ItemGroup>
  <ItemGroup>
    <Filter Include="Tables">
      <UniqueIdentifier>{38102920-1f3f-407b-9376-485eb4b854f7}</UniqueIdentifier>
    </Filter>
    <Filter Include="Userdata">
      <UniqueIdentifier>{6394aadc-ad26-4c8c-9f61-1dd4afaa1b50}</UniqueIdentifier>
    </Filter>
    <Filter Include="Metatables">
      <UniqueIdentifier>{cc5eb46d-0040-44a1-bb17-7f3da1c9682e}</UniqueIdentifier>
    </Filter>
    <Filter Include="Enums">
      <UniqueIdentifier>{03c4e402-73f6-4702-9835-e50636d2e3c9}</UniqueIdentifier>
    </Filter>
    <Filter Include="Lists">
      <UniqueIdentifier>{5f693485-494c-4764-97fd-76521b26a3a5}</UniqueIdentifier>
    </Filter>
  </ItemGroup>
  <ItemGroup>
    <None Include="Tables\tables.inl" Filter="Tables" />
  </ItemGroup>
</Project>