<?xml version="1.0" encoding="utf-8"?>
<Project ToolsVersion="4.0" xmlns="http://schemas.microsoft.com/developer/msbuild/2003">
  <ItemGroup>
    <ClInclude Include="Control.h">
      <Filter>Controls</Filter>
    </ClInclude>
    <ClInclude Include="Window.h">
      <Filter>Controls</Filter>
    </ClInclude>
    <ClInclude Include="Image.h">
      <Filter>Controls</Filter>
    </ClInclude>
    <ClInclude Include="Button.h">
      <Filter>Controls</Filter>
    </ClInclude>
    <ClInclude Include="Slider.h">
      <Filter>Controls</Filter>
    </ClInclude>
    <ClInclude Include="GroupBox.h">
      <Filter>Controls</Filter>
    </ClInclude>
    <ClInclude Include="NumericUpDown.h">
      <Filter>Controls</Filter>
    </ClInclude>
    <ClInclude Include="StackPanel.h">
      <Filter>Controls</Filter>
    </ClInclude>
    <ClInclude Include="SizeMode.h">
      <Filter>Controls</Filter>
    </ClInclude>
    <ClInclude Include="Checkbox.h">
      <Filter>Controls</Filter>
    </ClInclude>
    <ClInclude Include="Align.h">
      <Filter>Types</Filter>
    </ClInclude>
    <ClInclude Include="SizeDimension.h">
      <Filter>Controls</Filter>
    </ClInclude>
    <ClInclude Include="Listbox.h">
      <Filter>Controls\Listbox</Filter>
    </ClInclude>
    <ClInclude Include="Scrollbar.h">
      <Filter>Controls\Scrollbar</Filter>
    </ClInclude>
    <ClInclude Include="Dropdown.h">
      <Filter>Controls\Dropdown</Filter>
    </ClInclude>
    <ClInclude Include="TextArea.h">
      <Filter>Controls\TextArea</Filter>
    </ClInclude>
    <ClInclude Include="Label.h">
      <Filter>Controls\Label</Filter>
    </ClInclude>
    <ClInclude Include="IFontMeasurer.h">
      <Filter>Controls\Label</Filter>
    </ClInclude>
    <ClInclude Include="Input.h">
      <Filter>Input</Filter>
    </ClInclude>
    <ClInclude Include="stdafx.h" />
    <ClInclude Include="IInput.h">
      <Filter>Input</Filter>
    </ClInclude>
    <ClInclude Include="di.h" />
    <ClInclude Include="di.hpp" />
    <ClInclude Include="Mocks\Input\IInput.h">
      <Filter>Mocks</Filter>
    </ClInclude>
    <ClInclude Include="Layouts\GridLayout.h">
      <Filter>Layouts</Filter>
    </ClInclude>
    <ClInclude Include="Layouts\FreeLayout.h">
      <Filter>Layouts</Filter>
    </ClInclude>
    <ClInclude Include="Layouts\StackLayout.h">
      <Filter>Layouts</Filter>
    </ClInclude>
    <ClInclude Include="Layouts\ILayout.h">
      <Filter>Layouts</Filter>
    </ClInclude>
  </ItemGroup>
  <ItemGroup>
    <ClCompile Include="Control.cpp">
      <Filter>Controls</Filter>
    </ClCompile>
    <ClCompile Include="Window.cpp">
      <Filter>Controls</Filter>
    </ClCompile>
    <ClCompile Include="Image.cpp">
      <Filter>Controls</Filter>
    </ClCompile>
    <ClCompile Include="Button.cpp">
      <Filter>Controls</Filter>
    </ClCompile>
    <ClCompile Include="Slider.cpp">
      <Filter>Controls</Filter>
    </ClCompile>
    <ClCompile Include="GroupBox.cpp">
      <Filter>Controls</Filter>
    </ClCompile>
    <ClCompile Include="NumericUpDown.cpp">
      <Filter>Controls</Filter>
    </ClCompile>
    <ClCompile Include="StackPanel.cpp">
      <Filter>Controls</Filter>
    </ClCompile>
    <ClCompile Include="Checkbox.cpp">
      <Filter>Controls</Filter>
    </ClCompile>
    <ClCompile Include="Listbox.cpp">
      <Filter>Controls\Listbox</Filter>
    </ClCompile>
    <ClCompile Include="Scrollbar.cpp">
      <Filter>Controls\Scrollbar</Filter>
    </ClCompile>
    <ClCompile Include="ListboxRow.cpp">
      <Filter>Controls\Listbox</Filter>
    </ClCompile>
    <ClCompile Include="ListboxItem.cpp">
      <Filter>Controls\Listbox</Filter>
    </ClCompile>
    <ClCompile Include="ListboxColumn.cpp">
      <Filter>Controls\Listbox</Filter>
    </ClCompile>
    <ClCompile Include="Dropdown.cpp">
      <Filter>Controls\Dropdown</Filter>
    </ClCompile>
    <ClCompile Include="TextArea.cpp">
      <Filter>Controls\TextArea</Filter>
    </ClCompile>
    <ClCompile Include="Label.cpp">
      <Filter>Controls\Label</Filter>
    </ClCompile>
    <ClCompile Include="IFontMeasurer.cpp">
      <Filter>Controls\Label</Filter>
    </ClCompile>
    <ClCompile Include="Input.cpp">
      <Filter>Input</Filter>
    </ClCompile>
    <ClCompile Include="stdafx.cpp" />
    <ClCompile Include="IInput.cpp">
      <Filter>Input</Filter>
    </ClCompile>
    <ClCompile Include="Layouts\ILayout.cpp">
      <Filter>Layouts</Filter>
    </ClCompile>
    <ClCompile Include="Layouts\FreeLayout.cpp">
      <Filter>Layouts</Filter>
    </ClCompile>
    <ClCompile Include="Layouts\GridLayout.cpp">
      <Filter>Layouts</Filter>
    </ClCompile>
    <ClCompile Include="Layouts\StackLayout.cpp">
      <Filter>Layouts</Filter>
    </ClCompile>
  </ItemGroup>
  <ItemGroup>
    <Filter Include="Types">
      <UniqueIdentifier>{08fe4d84-9417-4a50-9294-44643d751120}</UniqueIdentifier>
    </Filter>
    <Filter Include="Controls">
      <UniqueIdentifier>{a78c4281-0488-4328-8bf1-060d8cbdd71d}</UniqueIdentifier>
    </Filter>
    <Filter Include="Controls\Listbox">
      <UniqueIdentifier>{8ef9cc29-a53e-412b-b035-4006b32635c8}</UniqueIdentifier>
    </Filter>
    <Filter Include="Controls\Scrollbar">
      <UniqueIdentifier>{148c0414-eb8e-4d27-8c1c-8b53340436dd}</UniqueIdentifier>
    </Filter>
    <Filter Include="Controls\Dropdown">
      <UniqueIdentifier>{07f12ab6-b126-4ef8-b58d-9a1ef6abb44b}</UniqueIdentifier>
    </Filter>
    <Filter Include="Controls\TextArea">
      <UniqueIdentifier>{4442810d-913c-42e8-839a-c9de84a71ec3}</UniqueIdentifier>
    </Filter>
    <Filter Include="Controls\Label">
      <UniqueIdentifier>{4a8f2bab-af56-45f4-acfd-cacd829e7763}</UniqueIdentifier>
    </Filter>
    <Filter Include="Input">
      <UniqueIdentifier>{4ae4639a-c45d-428e-9104-b6604caaa0cf}</UniqueIdentifier>
    </Filter>
    <Filter Include="Mocks">
      <UniqueIdentifier>{d34f0bba-8f6c-4c35-b327-fdef824630ec}</UniqueIdentifier>
    </Filter>
    <Filter Include="Layouts">
      <UniqueIdentifier>{9e921414-a611-4d34-a685-719c8c9781d4}</UniqueIdentifier>
    </Filter>
  </ItemGroup>
  <ItemGroup>
    <None Include="Control.inl">
      <Filter>Controls</Filter>
    </None>
  </ItemGroup>
</Project>