<?xml version="1.0" encoding="utf-8"?>
<Project ToolsVersion="4.0" xmlns="http://schemas.microsoft.com/developer/msbuild/2003">
  <ItemGroup>
    <Filter Include="D3D">
      <UniqueIdentifier>{5480272b-3c0a-44c4-84ce-a4669179bd95}</UniqueIdentifier>
    </Filter>
  </ItemGroup>
  <ItemGroup>
    <ClCompile Include="D3D\MockD3D11DeviceContext.ixx">
      <Filter>D3D</Filter>
    </ClCompile>
    <ClCompile Include="MockBuffer.ixx" />
    <ClCompile Include="MockDevice.ixx" />
    <ClCompile Include="MockDeviceWindow.ixx" />
    <ClCompile Include="MockRenderTarget.ixx" />
    <ClCompile Include="MockSamplerState.ixx" />
    <ClCompile Include="MockShader.ixx" />
    <ClCompile Include="MockShaderStorage.ixx" />
    <ClCompile Include="MockSprite.ixx" />
    <ClCompile Include="Printers.ixx" />
    <ClCompile Include="trview.graphics.mocks.ixx" />
  </ItemGroup>
</Project>