<?xml version="1.0" encoding="utf-8"?>
<Project ToolsVersion="4.0" xmlns="http://schemas.microsoft.com/developer/msbuild/2003">
  <ItemGroup>
    <ClCompile Include="WindowResizerTests.cpp" />
    <ClCompile Include="FileMenuTests.cpp" />
    <ClCompile Include="CameraTests.cpp" />
    <ClCompile Include="AlternateGroupTogglerTests.cpp">
      <Filter>Input</Filter>
    </ClCompile>
    <ClCompile Include="Camera\CameraInputTests.cpp">
      <Filter>Camera</Filter>
    </ClCompile>
    <ClCompile Include="Graphics\LevelTextureStorageTests.cpp">
      <Filter>Graphics</Filter>
    </ClCompile>
    <ClCompile Include="Elements\TypeInfoLookupTests.cpp">
      <Filter>Elements</Filter>
    </ClCompile>
    <ClCompile Include="Elements\LevelTests.cpp">
      <Filter>Elements</Filter>
    </ClCompile>
    <ClCompile Include="Menus\MenuDetectorTests.cpp">
      <Filter>Menus</Filter>
    </ClCompile>
    <ClCompile Include="stdafx.cpp" />
    <ClCompile Include="ItemsWindowManagerTests.cpp">
      <Filter>Windows</Filter>
    </ClCompile>
    <ClCompile Include="TriggersWindowManagerTests.cpp">
      <Filter>Windows</Filter>
    </ClCompile>
    <ClCompile Include="Main.cpp" />
    <ClCompile Include="ViewMenuTests.cpp">
      <Filter>Menus</Filter>
    </ClCompile>
    <ClCompile Include="Windows\ViewerTests.cpp">
      <Filter>Windows</Filter>
    </ClCompile>
    <ClCompile Include="ApplicationTests.cpp" />
    <ClCompile Include="RoomsWindowManagerTests.cpp">
      <Filter>Windows</Filter>
    </ClCompile>
    <ClCompile Include="RoomsWindowTests.cpp">
      <Filter>Windows</Filter>
    </ClCompile>
    <ClCompile Include="Settings\StartupOptionsTests.cpp">
      <Filter>Settings</Filter>
    </ClCompile>
    <ClCompile Include="Graphics\MeshStorageTests.cpp">
      <Filter>Graphics</Filter>
    </ClCompile>
    <ClCompile Include="Elements\RoomTests.cpp">
      <Filter>Elements</Filter>
    </ClCompile>
    <ClCompile Include="Routing\ActionsTests.cpp">
      <Filter>Routing</Filter>
    </ClCompile>
    <ClCompile Include="Routing\ActionTests.cpp">
      <Filter>Routing</Filter>
    </ClCompile>
    <ClCompile Include="Routing\RouteTests.cpp">
      <Filter>Routing</Filter>
    </ClCompile>
    <ClCompile Include="UI\ViewerUITests.cpp">
      <Filter>UI</Filter>
    </ClCompile>
    <ClCompile Include="Windows\RouteWindowManagerTests.cpp">
      <Filter>Windows</Filter>
    </ClCompile>
    <ClCompile Include="Routing\WaypointTests.cpp">
      <Filter>Routing</Filter>
    </ClCompile>
    <ClCompile Include="Elements\StaticMeshTests.cpp">
      <Filter>Elements</Filter>
    </ClCompile>
    <ClCompile Include="Settings\SettingsLoaderTests.cpp">
      <Filter>Settings</Filter>
    </ClCompile>
    <ClCompile Include="Settings\RandomizerSettingsTests.cpp">
      <Filter>Settings</Filter>
    </ClCompile>
    <ClCompile Include="Graphics\TextureStorage.cpp">
      <Filter>Graphics</Filter>
    </ClCompile>
    <ClCompile Include="NullImGuiBackend.cpp">
      <Filter>ImGui</Filter>
    </ClCompile>
    <ClCompile Include="UI\MapColoursTests.cpp">
      <Filter>UI</Filter>
    </ClCompile>
    <ClCompile Include="Elements\LightTests.cpp">
      <Filter>Elements</Filter>
    </ClCompile>
    <ClCompile Include="Windows\LightsWindowManagerTests.cpp">
      <Filter>Windows</Filter>
    </ClCompile>
    <ClCompile Include="Filters\FiltersTests.cpp">
      <Filter>Filters</Filter>
    </ClCompile>
    <ClCompile Include="Elements\TriggerTests.cpp">
      <Filter>Elements</Filter>
    </ClCompile>
    <ClCompile Include="Windows\LogWindowManagerTests.cpp">
      <Filter>Windows</Filter>
    </ClCompile>
    <ClCompile Include="Elements\ItemTests.cpp">
      <Filter>Elements</Filter>
    </ClCompile>
    <ClCompile Include="Elements\SectorTests.cpp">
      <Filter>Elements</Filter>
    </ClCompile>
    <ClCompile Include="TexturesWindowManagerTests.cpp">
      <Filter>Windows</Filter>
    </ClCompile>
    <ClCompile Include="CameraSinkWindowManagerTests.cpp">
      <Filter>Windows</Filter>
    </ClCompile>
    <ClCompile Include="Elements\CameraSinkTests.cpp">
      <Filter>Elements</Filter>
    </ClCompile>
    <ClCompile Include="Lua\Elements\Lua_LevelTests.cpp">
      <Filter>Lua\Elements</Filter>
    </ClCompile>
    <ClCompile Include="Lua\Elements\Lua_ItemTests.cpp">
      <Filter>Lua\Elements</Filter>
    </ClCompile>
    <ClCompile Include="Lua\Elements\Lua_RoomTests.cpp">
      <Filter>Lua\Elements</Filter>
    </ClCompile>
    <ClCompile Include="Lua\Elements\Lua_TriggerTests.cpp">
      <Filter>Lua\Elements</Filter>
    </ClCompile>
    <ClCompile Include="Lua\Elements\Lua_SectorTests.cpp">
      <Filter>Lua\Elements</Filter>
    </ClCompile>
    <ClCompile Include="Windows\ConsoleManagerTests.cpp">
      <Filter>Windows</Filter>
    </ClCompile>
    <ClCompile Include="Lua\Elements\Lua_CameraSinkTests.cpp">
      <Filter>Lua\Elements</Filter>
    </ClCompile>
    <ClCompile Include="Lua\Elements\Lua_LightTests.cpp">
      <Filter>Lua\Elements</Filter>
    </ClCompile>
    <ClCompile Include="Lua\Lua_trviewTests.cpp">
      <Filter>Lua</Filter>
    </ClCompile>
    <ClCompile Include="Plugins\PluginTests.cpp">
      <Filter>Plugins</Filter>
    </ClCompile>
    <ClCompile Include="Plugins\PluginsTests.cpp">
      <Filter>Plugins</Filter>
    </ClCompile>
    <ClCompile Include="PluginsWindowManagerTests.cpp">
      <Filter>Windows</Filter>
    </ClCompile>
    <ClCompile Include="Lua\Elements\Lua_StaticMeshTests.cpp">
      <Filter>Lua\Elements</Filter>
    </ClCompile>
    <ClCompile Include="Lua\Route\Lua_RouteTests.cpp">
      <Filter>Lua\Route</Filter>
    </ClCompile>
    <ClCompile Include="Lua\Lua_ColourTests.cpp">
      <Filter>Lua</Filter>
    </ClCompile>
    <ClCompile Include="Lua\Route\Lua_WaypointTests.cpp">
      <Filter>Lua\Route</Filter>
    </ClCompile>
    <ClCompile Include="Lua\Lua_Vector3Tests.cpp">
      <Filter>Lua</Filter>
    </ClCompile>
    <ClCompile Include="Routing\RandomizerRouteTests.cpp">
      <Filter>Routing</Filter>
    </ClCompile>
    <ClCompile Include="Lua\Lua.cpp">
      <Filter>Lua</Filter>
    </ClCompile>
    <ClCompile Include="..\external\imgui\imgui.cpp">
      <Filter>ImGui</Filter>
    </ClCompile>
    <ClCompile Include="..\external\imgui\imgui_demo.cpp">
      <Filter>ImGui</Filter>
    </ClCompile>
    <ClCompile Include="..\external\imgui\imgui_draw.cpp">
      <Filter>ImGui</Filter>
    </ClCompile>
    <ClCompile Include="..\external\imgui\imgui_tables.cpp">
      <Filter>ImGui</Filter>
    </ClCompile>
    <ClCompile Include="..\external\imgui\imgui_widgets.cpp">
      <Filter>ImGui</Filter>
    </ClCompile>
    <ClCompile Include="..\external\imgui\misc\cpp\imgui_stdlib.cpp">
      <Filter>ImGui</Filter>
    </ClCompile>
    <ClCompile Include="..\external\shared\imgui_app.cpp">
      <Filter>ImGui</Filter>
    </ClCompile>
    <ClCompile Include="..\external\imgui\misc\freetype\imgui_freetype.cpp">
      <Filter>ImGui</Filter>
    </ClCompile>
    <ClCompile Include="Windows\StaticsWindowManagerTests.cpp">
      <Filter>Windows</Filter>
    </ClCompile>
    <ClCompile Include="Windows\WindowsTests.cpp">
      <Filter>Windows</Filter>
    </ClCompile>
    <ClCompile Include="Lua\Camera\Lua_CameraTests.cpp">
      <Filter>Lua\Camera</Filter>
    </ClCompile>
    <ClCompile Include="Windows\SoundsWindowManagerTests.cpp">
      <Filter>Windows</Filter>
    </ClCompile>
    <ClCompile Include="Sound\SoundStorageTests.cpp">
      <Filter>Sound</Filter>
    </ClCompile>
    <ClCompile Include="Windows\AboutWindowManagerTests.cpp">
      <Filter>Windows</Filter>
    </ClCompile>
    <ClCompile Include="Elements\FlybyTests.cpp">
      <Filter>Elements</Filter>
    </ClCompile>
  </ItemGroup>
  <ItemGroup>
    <Filter Include="Input">
      <UniqueIdentifier>{d3867a39-d160-4aeb-a8e2-02afcb4efbe2}</UniqueIdentifier>
    </Filter>
    <Filter Include="Camera">
      <UniqueIdentifier>{ce341a85-c22f-4d9f-8275-93cfe4e2359e}</UniqueIdentifier>
    </Filter>
    <Filter Include="Graphics">
      <UniqueIdentifier>{f9007a99-8e00-4b17-9dab-6ab7323ed754}</UniqueIdentifier>
    </Filter>
    <Filter Include="UI">
      <UniqueIdentifier>{d7f73817-593e-4331-aadf-516ff57cec5a}</UniqueIdentifier>
    </Filter>
    <Filter Include="Elements">
      <UniqueIdentifier>{511e3bad-c463-4037-83d1-c079ea951456}</UniqueIdentifier>
    </Filter>
    <Filter Include="Menus">
      <UniqueIdentifier>{1f416bd8-ff05-4720-81cd-5666b82a28e2}</UniqueIdentifier>
    </Filter>
    <Filter Include="Windows">
      <UniqueIdentifier>{0c7c1192-4ae6-44cc-960c-e3f136dea95d}</UniqueIdentifier>
    </Filter>
    <Filter Include="Settings">
      <UniqueIdentifier>{42d0c262-c6f9-4419-b646-41d45f31fc72}</UniqueIdentifier>
    </Filter>
    <Filter Include="Routing">
      <UniqueIdentifier>{0bd554a8-2460-48fd-9867-d4a7397529c2}</UniqueIdentifier>
    </Filter>
    <Filter Include="ImGui">
      <UniqueIdentifier>{eaa20ff6-06ad-48bd-afeb-4dadda155787}</UniqueIdentifier>
    </Filter>
    <Filter Include="Filters">
      <UniqueIdentifier>{ab42e6fa-def3-4b06-8902-61c45b15dfda}</UniqueIdentifier>
    </Filter>
    <Filter Include="Lua">
      <UniqueIdentifier>{523c59ce-5d18-4115-91a5-f32e97a5160a}</UniqueIdentifier>
    </Filter>
    <Filter Include="Lua\Elements">
      <UniqueIdentifier>{de0633ad-2e3e-49f3-89b7-807134869b6a}</UniqueIdentifier>
    </Filter>
    <Filter Include="Plugins">
      <UniqueIdentifier>{faba3579-8283-4b3a-824b-2cb84ad0234b}</UniqueIdentifier>
    </Filter>
    <Filter Include="Lua\Route">
      <UniqueIdentifier>{4b53f400-34b2-4124-9048-9a1c1fe82960}</UniqueIdentifier>
    </Filter>
    <Filter Include="Lua\Camera">
      <UniqueIdentifier>{7c11cc4b-d857-4f38-841b-d03b938913d0}</UniqueIdentifier>
    </Filter>
    <Filter Include="Sound">
      <UniqueIdentifier>{b852428e-6063-4bf2-9be2-dda97c0c3412}</UniqueIdentifier>
    </Filter>
  </ItemGroup>
  <ItemGroup>
    <ClInclude Include="stdafx.h" />
    <ClInclude Include="NullImGuiBackend.h">
      <Filter>ImGui</Filter>
    </ClInclude>
    <ClInclude Include="Lua\Lua.h">
      <Filter>Lua</Filter>
    </ClInclude>
  </ItemGroup>
</Project>