<?xml version="1.0" encoding="utf-8"?>
<Project ToolsVersion="4.0" xmlns="http://schemas.microsoft.com/developer/msbuild/2003">
  <ItemGroup>
    <ClCompile Include="WindowResizerTests.cpp" />
    <ClCompile Include="RecentFilesTests.cpp" />
    <ClCompile Include="FileDropperTests.cpp" />
    <ClCompile Include="FreeCameraTests.cpp" />
    <ClCompile Include="OrbitCameraTests.cpp" />
    <ClCompile Include="AlternateGroupTogglerTests.cpp">
      <Filter>Input</Filter>
    </ClCompile>
    <ClCompile Include="Camera\CameraInputTests.cpp">
      <Filter>Camera</Filter>
    </ClCompile>
    <ClCompile Include="$(MSBuildThisFileDirectory)..\..\lib\native\src\gtest\gtest-all.cc" />
    <ClCompile Include="$(MSBuildThisFileDirectory)..\..\lib\native\src\gmock\gmock-all.cc" />
    <ClCompile Include="Graphics\LevelTextureStorageTests.cpp">
      <Filter>Graphics</Filter>
    </ClCompile>
    <ClCompile Include="UI\CameraPositionTests.cpp">
      <Filter>UI</Filter>
    </ClCompile>
    <ClCompile Include="Elements\TypeNameLookupTests.cpp">
      <Filter>Elements</Filter>
    </ClCompile>
    <ClCompile Include="Elements\LevelTests.cpp">
      <Filter>Elements</Filter>
    </ClCompile>
    <ClCompile Include="Menus\MenuDetectorTests.cpp">
      <Filter>Menus</Filter>
    </ClCompile>
    <ClCompile Include="stdafx.cpp" />
    <ClCompile Include="SettingsWindowTests.cpp">
      <Filter>UI</Filter>
    </ClCompile>
    <ClCompile Include="ContextMenuTests.cpp">
      <Filter>UI</Filter>
    </ClCompile>
    <ClCompile Include="ItemsWindowTests.cpp">
      <Filter>Windows</Filter>
    </ClCompile>
    <ClCompile Include="TriggersWindowTests.cpp">
      <Filter>Windows</Filter>
    </ClCompile>
    <ClCompile Include="ItemsWindowManagerTests.cpp">
      <Filter>Windows</Filter>
    </ClCompile>
    <ClCompile Include="TriggersWindowManagerTests.cpp">
      <Filter>Windows</Filter>
    </ClCompile>
    <ClCompile Include="Main.cpp" />
    <ClCompile Include="ViewMenuTests.cpp">
      <Filter>Menus</Filter>
    </ClCompile>
    <ClCompile Include="Windows\ViewerTests.cpp">
      <Filter>Windows</Filter>
    </ClCompile>
    <ClCompile Include="ApplicationTests.cpp" />
    <ClCompile Include="RoomsWindowManagerTests.cpp">
      <Filter>Windows</Filter>
    </ClCompile>
    <ClCompile Include="RoomsWindowTests.cpp">
      <Filter>Windows</Filter>
    </ClCompile>
    <ClCompile Include="RouteWindowTests.cpp">
      <Filter>Windows</Filter>
    </ClCompile>
    <ClCompile Include="Settings\StartupOptionsTests.cpp">
      <Filter>Settings</Filter>
    </ClCompile>
    <ClCompile Include="Graphics\MeshStorageTests.cpp">
      <Filter>Graphics</Filter>
    </ClCompile>
    <ClCompile Include="Elements\RoomTests.cpp">
      <Filter>Elements</Filter>
    </ClCompile>
    <ClCompile Include="Elements\EntityTests.cpp">
      <Filter>Elements</Filter>
    </ClCompile>
    <ClCompile Include="Routing\ActionsTests.cpp">
      <Filter>Routing</Filter>
    </ClCompile>
    <ClCompile Include="Routing\ActionTests.cpp">
      <Filter>Routing</Filter>
    </ClCompile>
    <ClCompile Include="Routing\RouteTests.cpp">
      <Filter>Routing</Filter>
    </ClCompile>
    <ClCompile Include="UI\ViewerUITests.cpp">
      <Filter>UI</Filter>
    </ClCompile>
    <ClCompile Include="Windows\RouteWindowManagerTests.cpp">
      <Filter>Windows</Filter>
    </ClCompile>
    <ClCompile Include="UI\BubbleTests.cpp">
      <Filter>UI</Filter>
    </ClCompile>
    <ClCompile Include="Routing\WaypointTests.cpp">
      <Filter>Routing</Filter>
    </ClCompile>
    <ClCompile Include="Elements\StaticMeshTests.cpp">
      <Filter>Elements</Filter>
    </ClCompile>
    <ClCompile Include="UI\ViewOptionsTests.cpp">
      <Filter>UI</Filter>
    </ClCompile>
  </ItemGroup>
  <ItemGroup>
    <Filter Include="Input">
      <UniqueIdentifier>{d3867a39-d160-4aeb-a8e2-02afcb4efbe2}</UniqueIdentifier>
    </Filter>
    <Filter Include="Camera">
      <UniqueIdentifier>{ce341a85-c22f-4d9f-8275-93cfe4e2359e}</UniqueIdentifier>
    </Filter>
    <Filter Include="Graphics">
      <UniqueIdentifier>{f9007a99-8e00-4b17-9dab-6ab7323ed754}</UniqueIdentifier>
    </Filter>
    <Filter Include="UI">
      <UniqueIdentifier>{d7f73817-593e-4331-aadf-516ff57cec5a}</UniqueIdentifier>
    </Filter>
    <Filter Include="Elements">
      <UniqueIdentifier>{511e3bad-c463-4037-83d1-c079ea951456}</UniqueIdentifier>
    </Filter>
    <Filter Include="Menus">
      <UniqueIdentifier>{1f416bd8-ff05-4720-81cd-5666b82a28e2}</UniqueIdentifier>
    </Filter>
    <Filter Include="Windows">
      <UniqueIdentifier>{0c7c1192-4ae6-44cc-960c-e3f136dea95d}</UniqueIdentifier>
    </Filter>
    <Filter Include="Settings">
      <UniqueIdentifier>{42d0c262-c6f9-4419-b646-41d45f31fc72}</UniqueIdentifier>
    </Filter>
    <Filter Include="Routing">
      <UniqueIdentifier>{0bd554a8-2460-48fd-9867-d4a7397529c2}</UniqueIdentifier>
    </Filter>
  </ItemGroup>
  <ItemGroup>
    <ClInclude Include="stdafx.h" />
  </ItemGroup>
  <ItemGroup>
    <None Include="packages.config" />
  </ItemGroup>
</Project>